// !$*UTF8*$!
{
	archiveVersion = 1;
	classes = {
	};
	objectVersion = 46;
	objects = {

/* Begin PBXBuildFile section */
		55236719135F4DD00067FFD9 /* tableViewCellInput.m in Sources */ = {isa = PBXBuildFile; fileRef = 55236718135F4DD00067FFD9 /* tableViewCellInput.m */; };
		5523671B135F4E830067FFD9 /* tableViewCellInput.xib in Resources */ = {isa = PBXBuildFile; fileRef = 5523671A135F4E830067FFD9 /* tableViewCellInput.xib */; };
		559DB80014257084004EC75A /* bluebutton1.png in Resources */ = {isa = PBXBuildFile; fileRef = 559DB7FB14257084004EC75A /* bluebutton1.png */; };
		559DB80114257084004EC75A /* labelBG.png in Resources */ = {isa = PBXBuildFile; fileRef = 559DB7FC14257084004EC75A /* labelBG.png */; };
		559DB80214257084004EC75A /* refresh.png in Resources */ = {isa = PBXBuildFile; fileRef = 559DB7FD14257084004EC75A /* refresh.png */; };
		559DB80314257084004EC75A /* settings.png in Resources */ = {isa = PBXBuildFile; fileRef = 559DB7FE14257084004EC75A /* settings.png */; };
		559DB80414257084004EC75A /* tankicon.png in Resources */ = {isa = PBXBuildFile; fileRef = 559DB7FF14257084004EC75A /* tankicon.png */; };
		559DB80714257178004EC75A /* RAicon.png in Resources */ = {isa = PBXBuildFile; fileRef = 559DB80614257178004EC75A /* RAicon.png */; };
		55C7390B135A4038007AE60B /* RA_WifiController.m in Sources */ = {isa = PBXBuildFile; fileRef = 55C7390A135A4038007AE60B /* RA_WifiController.m */; };
		55C7390E135A40CD007AE60B /* RA_ParamObject.m in Sources */ = {isa = PBXBuildFile; fileRef = 55C7390D135A40CD007AE60B /* RA_ParamObject.m */; };
		55C7392C135A4936007AE60B /* ASIAuthenticationDialog.m in Sources */ = {isa = PBXBuildFile; fileRef = 55C73919135A4936007AE60B /* ASIAuthenticationDialog.m */; };
		55C7392D135A4936007AE60B /* ASIDataCompressor.m in Sources */ = {isa = PBXBuildFile; fileRef = 55C7391C135A4936007AE60B /* ASIDataCompressor.m */; };
		55C7392E135A4936007AE60B /* ASIDataDecompressor.m in Sources */ = {isa = PBXBuildFile; fileRef = 55C7391E135A4936007AE60B /* ASIDataDecompressor.m */; };
		55C7392F135A4936007AE60B /* ASIDownloadCache.m in Sources */ = {isa = PBXBuildFile; fileRef = 55C73920135A4936007AE60B /* ASIDownloadCache.m */; };
		55C73930135A4936007AE60B /* ASIFormDataRequest.m in Sources */ = {isa = PBXBuildFile; fileRef = 55C73922135A4936007AE60B /* ASIFormDataRequest.m */; };
		55C73931135A4936007AE60B /* ASIHTTPRequest.m in Sources */ = {isa = PBXBuildFile; fileRef = 55C73924135A4936007AE60B /* ASIHTTPRequest.m */; };
		55C73932135A4936007AE60B /* ASIInputStream.m in Sources */ = {isa = PBXBuildFile; fileRef = 55C73928135A4936007AE60B /* ASIInputStream.m */; };
		55C73933135A4936007AE60B /* ASINetworkQueue.m in Sources */ = {isa = PBXBuildFile; fileRef = 55C7392A135A4936007AE60B /* ASINetworkQueue.m */; };
		55C73936135A4941007AE60B /* Reachability.m in Sources */ = {isa = PBXBuildFile; fileRef = 55C73935135A4941007AE60B /* Reachability.m */; };
		55C7395E135A4BB9007AE60B /* CFNetwork.framework in Frameworks */ = {isa = PBXBuildFile; fileRef = 55C7395D135A4BB9007AE60B /* CFNetwork.framework */; };
		55C73960135A4BCE007AE60B /* SystemConfiguration.framework in Frameworks */ = {isa = PBXBuildFile; fileRef = 55C7395F135A4BCE007AE60B /* SystemConfiguration.framework */; };
		55C73962135A4BD9007AE60B /* MobileCoreServices.framework in Frameworks */ = {isa = PBXBuildFile; fileRef = 55C73961135A4BD9007AE60B /* MobileCoreServices.framework */; };
		55C73964135A4C1F007AE60B /* libz.1.2.3.dylib in Frameworks */ = {isa = PBXBuildFile; fileRef = 55C73963135A4C1F007AE60B /* libz.1.2.3.dylib */; settings = {ATTRIBUTES = (Required, ); }; };
		55C73981135BDA9A007AE60B /* SecondViewController.m in Sources */ = {isa = PBXBuildFile; fileRef = 55C73980135BDA9A007AE60B /* SecondViewController.m */; };
		55DF428E1359DA3900C45B47 /* UIKit.framework in Frameworks */ = {isa = PBXBuildFile; fileRef = 55DF428D1359DA3900C45B47 /* UIKit.framework */; };
		55DF42901359DA3900C45B47 /* Foundation.framework in Frameworks */ = {isa = PBXBuildFile; fileRef = 55DF428F1359DA3900C45B47 /* Foundation.framework */; };
		55DF42921359DA3900C45B47 /* CoreGraphics.framework in Frameworks */ = {isa = PBXBuildFile; fileRef = 55DF42911359DA3900C45B47 /* CoreGraphics.framework */; };
		55DF42981359DA3900C45B47 /* InfoPlist.strings in Resources */ = {isa = PBXBuildFile; fileRef = 55DF42961359DA3900C45B47 /* InfoPlist.strings */; };
		55DF429B1359DA3900C45B47 /* main.m in Sources */ = {isa = PBXBuildFile; fileRef = 55DF429A1359DA3900C45B47 /* main.m */; };
		55DF429E1359DA3900C45B47 /* ReefAngel_Mobile_ClientAppDelegate.m in Sources */ = {isa = PBXBuildFile; fileRef = 55DF429D1359DA3900C45B47 /* ReefAngel_Mobile_ClientAppDelegate.m */; };
		55DF42A11359DA3900C45B47 /* MainWindow.xib in Resources */ = {isa = PBXBuildFile; fileRef = 55DF429F1359DA3900C45B47 /* MainWindow.xib */; };
		55DF42A41359DA3900C45B47 /* FirstViewController.m in Sources */ = {isa = PBXBuildFile; fileRef = 55DF42A31359DA3900C45B47 /* FirstViewController.m */; };
		55DF42AA1359DA3900C45B47 /* FirstView.xib in Resources */ = {isa = PBXBuildFile; fileRef = 55DF42A81359DA3900C45B47 /* FirstView.xib */; };
		55DF42AD1359DA3900C45B47 /* SecondView.xib in Resources */ = {isa = PBXBuildFile; fileRef = 55DF42AB1359DA3900C45B47 /* SecondView.xib */; };
		8049D19C142584BF0051D834 /* GDataXMLNode.m in Sources */ = {isa = PBXBuildFile; fileRef = 8049D191142584BF0051D834 /* GDataXMLNode.m */; };
		8049D19D142584BF0051D834 /* TypeMapping.m in Sources */ = {isa = PBXBuildFile; fileRef = 8049D193142584BF0051D834 /* TypeMapping.m */; };
		8049D19E142584BF0051D834 /* Util.m in Sources */ = {isa = PBXBuildFile; fileRef = 8049D195142584BF0051D834 /* Util.m */; };
		8049D19F142584BF0051D834 /* WonderXML-Info.plist in Resources */ = {isa = PBXBuildFile; fileRef = 8049D197142584BF0051D834 /* WonderXML-Info.plist */; };
		8049D1A0142584BF0051D834 /* XmlHeaderHelper.m in Sources */ = {isa = PBXBuildFile; fileRef = 8049D199142584BF0051D834 /* XmlHeaderHelper.m */; };
		8049D1A1142584BF0051D834 /* XmlParser.m in Sources */ = {isa = PBXBuildFile; fileRef = 8049D19B142584BF0051D834 /* XmlParser.m */; };
		8049D1A9142584DC0051D834 /* User.m in Sources */ = {isa = PBXBuildFile; fileRef = 8049D1A4142584DC0051D834 /* User.m */; };
		8049D1AA142584DC0051D834 /* WonderXMLAppDelegate.m in Sources */ = {isa = PBXBuildFile; fileRef = 8049D1A6142584DC0051D834 /* WonderXMLAppDelegate.m */; };
		8049D1AB142584DC0051D834 /* WonderXMLViewController.m in Sources */ = {isa = PBXBuildFile; fileRef = 8049D1A8142584DC0051D834 /* WonderXMLViewController.m */; };
		8049D1B714269F500051D834 /* savedata.plist in Resources */ = {isa = PBXBuildFile; fileRef = 8049D1B614269F500051D834 /* savedata.plist */; };
		8049D1CA142807980051D834 /* libTestFlight.a in Frameworks */ = {isa = PBXBuildFile; fileRef = 8049D1C6142807980051D834 /* libTestFlight.a */; };
		8049D1CB142807980051D834 /* README.txt in Resources */ = {isa = PBXBuildFile; fileRef = 8049D1C7142807980051D834 /* README.txt */; };
		8049D1CC142807980051D834 /* release_notes.txt in Resources */ = {isa = PBXBuildFile; fileRef = 8049D1C8142807980051D834 /* release_notes.txt */; };
		80DF04AE14282C3400A45FFA /* Default@2x.png in Resources */ = {isa = PBXBuildFile; fileRef = 80DF04AD14282C3400A45FFA /* Default@2x.png */; };
		80DF04B014282C5C00A45FFA /* Default.png in Resources */ = {isa = PBXBuildFile; fileRef = 80DF04AF14282C5C00A45FFA /* Default.png */; };
/* End PBXBuildFile section */

/* Begin PBXFileReference section */
		55236717135F4DD00067FFD9 /* tableViewCellInput.h */ = {isa = PBXFileReference; fileEncoding = 4; lastKnownFileType = sourcecode.c.h; path = tableViewCellInput.h; sourceTree = "<group>"; };
		55236718135F4DD00067FFD9 /* tableViewCellInput.m */ = {isa = PBXFileReference; fileEncoding = 4; lastKnownFileType = sourcecode.c.objc; path = tableViewCellInput.m; sourceTree = "<group>"; };
		5523671A135F4E830067FFD9 /* tableViewCellInput.xib */ = {isa = PBXFileReference; fileEncoding = 4; lastKnownFileType = file.xib; path = tableViewCellInput.xib; sourceTree = "<group>"; };
		559DB7FB14257084004EC75A /* bluebutton1.png */ = {isa = PBXFileReference; lastKnownFileType = image.png; name = bluebutton1.png; path = images/bluebutton1.png; sourceTree = SOURCE_ROOT; };
		559DB7FC14257084004EC75A /* labelBG.png */ = {isa = PBXFileReference; lastKnownFileType = image.png; name = labelBG.png; path = images/labelBG.png; sourceTree = SOURCE_ROOT; };
		559DB7FD14257084004EC75A /* refresh.png */ = {isa = PBXFileReference; lastKnownFileType = image.png; name = refresh.png; path = images/refresh.png; sourceTree = SOURCE_ROOT; };
		559DB7FE14257084004EC75A /* settings.png */ = {isa = PBXFileReference; lastKnownFileType = image.png; name = settings.png; path = images/settings.png; sourceTree = SOURCE_ROOT; };
		559DB7FF14257084004EC75A /* tankicon.png */ = {isa = PBXFileReference; lastKnownFileType = image.png; name = tankicon.png; path = images/tankicon.png; sourceTree = SOURCE_ROOT; };
		559DB80614257178004EC75A /* RAicon.png */ = {isa = PBXFileReference; lastKnownFileType = image.png; name = RAicon.png; path = images/RAicon.png; sourceTree = SOURCE_ROOT; };
		55C73909135A4038007AE60B /* RA_WifiController.h */ = {isa = PBXFileReference; fileEncoding = 4; lastKnownFileType = sourcecode.c.h; path = RA_WifiController.h; sourceTree = "<group>"; };
		55C7390A135A4038007AE60B /* RA_WifiController.m */ = {isa = PBXFileReference; fileEncoding = 4; lastKnownFileType = sourcecode.c.objc; path = RA_WifiController.m; sourceTree = "<group>"; };
		55C7390C135A40CD007AE60B /* RA_ParamObject.h */ = {isa = PBXFileReference; fileEncoding = 4; lastKnownFileType = sourcecode.c.h; path = RA_ParamObject.h; sourceTree = "<group>"; };
		55C7390D135A40CD007AE60B /* RA_ParamObject.m */ = {isa = PBXFileReference; fileEncoding = 4; lastKnownFileType = sourcecode.c.objc; path = RA_ParamObject.m; sourceTree = "<group>"; };
		55C73918135A4936007AE60B /* ASIAuthenticationDialog.h */ = {isa = PBXFileReference; fileEncoding = 4; lastKnownFileType = sourcecode.c.h; path = ASIAuthenticationDialog.h; sourceTree = "<group>"; };
		55C73919135A4936007AE60B /* ASIAuthenticationDialog.m */ = {isa = PBXFileReference; fileEncoding = 4; lastKnownFileType = sourcecode.c.objc; path = ASIAuthenticationDialog.m; sourceTree = "<group>"; };
		55C7391A135A4936007AE60B /* ASICacheDelegate.h */ = {isa = PBXFileReference; fileEncoding = 4; lastKnownFileType = sourcecode.c.h; path = ASICacheDelegate.h; sourceTree = "<group>"; };
		55C7391B135A4936007AE60B /* ASIDataCompressor.h */ = {isa = PBXFileReference; fileEncoding = 4; lastKnownFileType = sourcecode.c.h; path = ASIDataCompressor.h; sourceTree = "<group>"; };
		55C7391C135A4936007AE60B /* ASIDataCompressor.m */ = {isa = PBXFileReference; fileEncoding = 4; lastKnownFileType = sourcecode.c.objc; path = ASIDataCompressor.m; sourceTree = "<group>"; };
		55C7391D135A4936007AE60B /* ASIDataDecompressor.h */ = {isa = PBXFileReference; fileEncoding = 4; lastKnownFileType = sourcecode.c.h; path = ASIDataDecompressor.h; sourceTree = "<group>"; };
		55C7391E135A4936007AE60B /* ASIDataDecompressor.m */ = {isa = PBXFileReference; fileEncoding = 4; lastKnownFileType = sourcecode.c.objc; path = ASIDataDecompressor.m; sourceTree = "<group>"; };
		55C7391F135A4936007AE60B /* ASIDownloadCache.h */ = {isa = PBXFileReference; fileEncoding = 4; lastKnownFileType = sourcecode.c.h; path = ASIDownloadCache.h; sourceTree = "<group>"; };
		55C73920135A4936007AE60B /* ASIDownloadCache.m */ = {isa = PBXFileReference; fileEncoding = 4; lastKnownFileType = sourcecode.c.objc; path = ASIDownloadCache.m; sourceTree = "<group>"; };
		55C73921135A4936007AE60B /* ASIFormDataRequest.h */ = {isa = PBXFileReference; fileEncoding = 4; lastKnownFileType = sourcecode.c.h; path = ASIFormDataRequest.h; sourceTree = "<group>"; };
		55C73922135A4936007AE60B /* ASIFormDataRequest.m */ = {isa = PBXFileReference; fileEncoding = 4; lastKnownFileType = sourcecode.c.objc; path = ASIFormDataRequest.m; sourceTree = "<group>"; };
		55C73923135A4936007AE60B /* ASIHTTPRequest.h */ = {isa = PBXFileReference; fileEncoding = 4; lastKnownFileType = sourcecode.c.h; path = ASIHTTPRequest.h; sourceTree = "<group>"; };
		55C73924135A4936007AE60B /* ASIHTTPRequest.m */ = {isa = PBXFileReference; fileEncoding = 4; lastKnownFileType = sourcecode.c.objc; path = ASIHTTPRequest.m; sourceTree = "<group>"; };
		55C73925135A4936007AE60B /* ASIHTTPRequestConfig.h */ = {isa = PBXFileReference; fileEncoding = 4; lastKnownFileType = sourcecode.c.h; path = ASIHTTPRequestConfig.h; sourceTree = "<group>"; };
		55C73926135A4936007AE60B /* ASIHTTPRequestDelegate.h */ = {isa = PBXFileReference; fileEncoding = 4; lastKnownFileType = sourcecode.c.h; path = ASIHTTPRequestDelegate.h; sourceTree = "<group>"; };
		55C73927135A4936007AE60B /* ASIInputStream.h */ = {isa = PBXFileReference; fileEncoding = 4; lastKnownFileType = sourcecode.c.h; path = ASIInputStream.h; sourceTree = "<group>"; };
		55C73928135A4936007AE60B /* ASIInputStream.m */ = {isa = PBXFileReference; fileEncoding = 4; lastKnownFileType = sourcecode.c.objc; path = ASIInputStream.m; sourceTree = "<group>"; };
		55C73929135A4936007AE60B /* ASINetworkQueue.h */ = {isa = PBXFileReference; fileEncoding = 4; lastKnownFileType = sourcecode.c.h; path = ASINetworkQueue.h; sourceTree = "<group>"; };
		55C7392A135A4936007AE60B /* ASINetworkQueue.m */ = {isa = PBXFileReference; fileEncoding = 4; lastKnownFileType = sourcecode.c.objc; path = ASINetworkQueue.m; sourceTree = "<group>"; };
		55C7392B135A4936007AE60B /* ASIProgressDelegate.h */ = {isa = PBXFileReference; fileEncoding = 4; lastKnownFileType = sourcecode.c.h; path = ASIProgressDelegate.h; sourceTree = "<group>"; };
		55C73934135A4941007AE60B /* Reachability.h */ = {isa = PBXFileReference; fileEncoding = 4; lastKnownFileType = sourcecode.c.h; path = Reachability.h; sourceTree = "<group>"; };
		55C73935135A4941007AE60B /* Reachability.m */ = {isa = PBXFileReference; fileEncoding = 4; lastKnownFileType = sourcecode.c.objc; path = Reachability.m; sourceTree = "<group>"; };
		55C7395D135A4BB9007AE60B /* CFNetwork.framework */ = {isa = PBXFileReference; lastKnownFileType = wrapper.framework; name = CFNetwork.framework; path = System/Library/Frameworks/CFNetwork.framework; sourceTree = SDKROOT; };
		55C7395F135A4BCE007AE60B /* SystemConfiguration.framework */ = {isa = PBXFileReference; lastKnownFileType = wrapper.framework; name = SystemConfiguration.framework; path = System/Library/Frameworks/SystemConfiguration.framework; sourceTree = SDKROOT; };
		55C73961135A4BD9007AE60B /* MobileCoreServices.framework */ = {isa = PBXFileReference; lastKnownFileType = wrapper.framework; name = MobileCoreServices.framework; path = System/Library/Frameworks/MobileCoreServices.framework; sourceTree = SDKROOT; };
		55C73963135A4C1F007AE60B /* libz.1.2.3.dylib */ = {isa = PBXFileReference; lastKnownFileType = "compiled.mach-o.dylib"; name = libz.1.2.3.dylib; path = usr/lib/libz.1.2.3.dylib; sourceTree = SDKROOT; };
		55C7397F135BDA9A007AE60B /* SecondViewController.h */ = {isa = PBXFileReference; fileEncoding = 4; lastKnownFileType = sourcecode.c.h; path = SecondViewController.h; sourceTree = "<group>"; };
		55C73980135BDA9A007AE60B /* SecondViewController.m */ = {isa = PBXFileReference; fileEncoding = 4; lastKnownFileType = sourcecode.c.objc; path = SecondViewController.m; sourceTree = "<group>"; };
		55DF42891359DA3900C45B47 /* ReefAngel.app */ = {isa = PBXFileReference; explicitFileType = wrapper.application; includeInIndex = 0; path = ReefAngel.app; sourceTree = BUILT_PRODUCTS_DIR; };
		55DF428D1359DA3900C45B47 /* UIKit.framework */ = {isa = PBXFileReference; lastKnownFileType = wrapper.framework; name = UIKit.framework; path = System/Library/Frameworks/UIKit.framework; sourceTree = SDKROOT; };
		55DF428F1359DA3900C45B47 /* Foundation.framework */ = {isa = PBXFileReference; lastKnownFileType = wrapper.framework; name = Foundation.framework; path = System/Library/Frameworks/Foundation.framework; sourceTree = SDKROOT; };
		55DF42911359DA3900C45B47 /* CoreGraphics.framework */ = {isa = PBXFileReference; lastKnownFileType = wrapper.framework; name = CoreGraphics.framework; path = System/Library/Frameworks/CoreGraphics.framework; sourceTree = SDKROOT; };
		55DF42951359DA3900C45B47 /* ReefAngel Mobile Client-Info.plist */ = {isa = PBXFileReference; lastKnownFileType = text.plist.xml; path = "ReefAngel Mobile Client-Info.plist"; sourceTree = "<group>"; };
		55DF42971359DA3900C45B47 /* en */ = {isa = PBXFileReference; lastKnownFileType = text.plist.strings; name = en; path = en.lproj/InfoPlist.strings; sourceTree = "<group>"; };
		55DF42991359DA3900C45B47 /* ReefAngel Mobile Client-Prefix.pch */ = {isa = PBXFileReference; lastKnownFileType = sourcecode.c.h; path = "ReefAngel Mobile Client-Prefix.pch"; sourceTree = "<group>"; };
		55DF429A1359DA3900C45B47 /* main.m */ = {isa = PBXFileReference; lastKnownFileType = sourcecode.c.objc; path = main.m; sourceTree = "<group>"; };
		55DF429C1359DA3900C45B47 /* ReefAngel_Mobile_ClientAppDelegate.h */ = {isa = PBXFileReference; lastKnownFileType = sourcecode.c.h; path = ReefAngel_Mobile_ClientAppDelegate.h; sourceTree = "<group>"; };
		55DF429D1359DA3900C45B47 /* ReefAngel_Mobile_ClientAppDelegate.m */ = {isa = PBXFileReference; lastKnownFileType = sourcecode.c.objc; path = ReefAngel_Mobile_ClientAppDelegate.m; sourceTree = "<group>"; };
		55DF42A01359DA3900C45B47 /* en */ = {isa = PBXFileReference; lastKnownFileType = file.xib; name = en; path = en.lproj/MainWindow.xib; sourceTree = "<group>"; };
		55DF42A21359DA3900C45B47 /* FirstViewController.h */ = {isa = PBXFileReference; lastKnownFileType = sourcecode.c.h; path = FirstViewController.h; sourceTree = "<group>"; };
		55DF42A31359DA3900C45B47 /* FirstViewController.m */ = {isa = PBXFileReference; lastKnownFileType = sourcecode.c.objc; path = FirstViewController.m; sourceTree = "<group>"; };
		55DF42A91359DA3900C45B47 /* en */ = {isa = PBXFileReference; lastKnownFileType = file.xib; name = en; path = en.lproj/FirstView.xib; sourceTree = "<group>"; };
		55DF42AC1359DA3900C45B47 /* en */ = {isa = PBXFileReference; lastKnownFileType = file.xib; name = en; path = en.lproj/SecondView.xib; sourceTree = "<group>"; };
		8049D190142584BF0051D834 /* GDataXMLNode.h */ = {isa = PBXFileReference; fileEncoding = 4; lastKnownFileType = sourcecode.c.h; path = GDataXMLNode.h; sourceTree = "<group>"; };
		8049D191142584BF0051D834 /* GDataXMLNode.m */ = {isa = PBXFileReference; fileEncoding = 4; lastKnownFileType = sourcecode.c.objc; path = GDataXMLNode.m; sourceTree = "<group>"; };
		8049D192142584BF0051D834 /* TypeMapping.h */ = {isa = PBXFileReference; fileEncoding = 4; lastKnownFileType = sourcecode.c.h; path = TypeMapping.h; sourceTree = "<group>"; };
		8049D193142584BF0051D834 /* TypeMapping.m */ = {isa = PBXFileReference; fileEncoding = 4; lastKnownFileType = sourcecode.c.objc; path = TypeMapping.m; sourceTree = "<group>"; };
		8049D194142584BF0051D834 /* Util.h */ = {isa = PBXFileReference; fileEncoding = 4; lastKnownFileType = sourcecode.c.h; path = Util.h; sourceTree = "<group>"; };
		8049D195142584BF0051D834 /* Util.m */ = {isa = PBXFileReference; fileEncoding = 4; lastKnownFileType = sourcecode.c.objc; path = Util.m; sourceTree = "<group>"; };
		8049D196142584BF0051D834 /* WonderXML_Prefix.pch */ = {isa = PBXFileReference; fileEncoding = 4; lastKnownFileType = sourcecode.c.h; path = WonderXML_Prefix.pch; sourceTree = "<group>"; };
		8049D197142584BF0051D834 /* WonderXML-Info.plist */ = {isa = PBXFileReference; fileEncoding = 4; lastKnownFileType = text.plist.xml; path = "WonderXML-Info.plist"; sourceTree = "<group>"; };
		8049D198142584BF0051D834 /* XmlHeaderHelper.h */ = {isa = PBXFileReference; fileEncoding = 4; lastKnownFileType = sourcecode.c.h; path = XmlHeaderHelper.h; sourceTree = "<group>"; };
		8049D199142584BF0051D834 /* XmlHeaderHelper.m */ = {isa = PBXFileReference; fileEncoding = 4; lastKnownFileType = sourcecode.c.objc; path = XmlHeaderHelper.m; sourceTree = "<group>"; };
		8049D19A142584BF0051D834 /* XmlParser.h */ = {isa = PBXFileReference; fileEncoding = 4; lastKnownFileType = sourcecode.c.h; path = XmlParser.h; sourceTree = "<group>"; };
		8049D19B142584BF0051D834 /* XmlParser.m */ = {isa = PBXFileReference; fileEncoding = 4; lastKnownFileType = sourcecode.c.objc; path = XmlParser.m; sourceTree = "<group>"; };
		8049D1A3142584DC0051D834 /* User.h */ = {isa = PBXFileReference; fileEncoding = 4; lastKnownFileType = sourcecode.c.h; path = User.h; sourceTree = "<group>"; };
		8049D1A4142584DC0051D834 /* User.m */ = {isa = PBXFileReference; fileEncoding = 4; lastKnownFileType = sourcecode.c.objc; path = User.m; sourceTree = "<group>"; };
		8049D1A5142584DC0051D834 /* WonderXMLAppDelegate.h */ = {isa = PBXFileReference; fileEncoding = 4; lastKnownFileType = sourcecode.c.h; path = WonderXMLAppDelegate.h; sourceTree = "<group>"; };
		8049D1A6142584DC0051D834 /* WonderXMLAppDelegate.m */ = {isa = PBXFileReference; fileEncoding = 4; lastKnownFileType = sourcecode.c.objc; path = WonderXMLAppDelegate.m; sourceTree = "<group>"; };
		8049D1A7142584DC0051D834 /* WonderXMLViewController.h */ = {isa = PBXFileReference; fileEncoding = 4; lastKnownFileType = sourcecode.c.h; path = WonderXMLViewController.h; sourceTree = "<group>"; };
		8049D1A8142584DC0051D834 /* WonderXMLViewController.m */ = {isa = PBXFileReference; fileEncoding = 4; lastKnownFileType = sourcecode.c.objc; path = WonderXMLViewController.m; sourceTree = "<group>"; };
		8049D1B614269F500051D834 /* savedata.plist */ = {isa = PBXFileReference; fileEncoding = 4; lastKnownFileType = text.plist.xml; path = savedata.plist; sourceTree = "<group>"; };
		8049D1C6142807980051D834 /* libTestFlight.a */ = {isa = PBXFileReference; lastKnownFileType = archive.ar; path = libTestFlight.a; sourceTree = "<group>"; };
		8049D1C7142807980051D834 /* README.txt */ = {isa = PBXFileReference; fileEncoding = 4; lastKnownFileType = text; path = README.txt; sourceTree = "<group>"; };
		8049D1C8142807980051D834 /* release_notes.txt */ = {isa = PBXFileReference; fileEncoding = 4; lastKnownFileType = text; path = release_notes.txt; sourceTree = "<group>"; };
		8049D1C9142807980051D834 /* TestFlight.h */ = {isa = PBXFileReference; fileEncoding = 4; lastKnownFileType = sourcecode.c.h; path = TestFlight.h; sourceTree = "<group>"; };
		80DF04AD14282C3400A45FFA /* Default@2x.png */ = {isa = PBXFileReference; lastKnownFileType = image.png; name = "Default@2x.png"; path = "../Default@2x.png"; sourceTree = "<group>"; };
		80DF04AF14282C5C00A45FFA /* Default.png */ = {isa = PBXFileReference; lastKnownFileType = image.png; name = Default.png; path = ../Default.png; sourceTree = "<group>"; };
/* End PBXFileReference section */

/* Begin PBXFrameworksBuildPhase section */
		55DF42861359DA3900C45B47 /* Frameworks */ = {
			isa = PBXFrameworksBuildPhase;
			buildActionMask = 2147483647;
			files = (
				55C73964135A4C1F007AE60B /* libz.1.2.3.dylib in Frameworks */,
				55C73962135A4BD9007AE60B /* MobileCoreServices.framework in Frameworks */,
				55C73960135A4BCE007AE60B /* SystemConfiguration.framework in Frameworks */,
				55C7395E135A4BB9007AE60B /* CFNetwork.framework in Frameworks */,
				55DF428E1359DA3900C45B47 /* UIKit.framework in Frameworks */,
				55DF42901359DA3900C45B47 /* Foundation.framework in Frameworks */,
				55DF42921359DA3900C45B47 /* CoreGraphics.framework in Frameworks */,
				8049D1CA142807980051D834 /* libTestFlight.a in Frameworks */,
			);
			runOnlyForDeploymentPostprocessing = 0;
		};
/* End PBXFrameworksBuildPhase section */

/* Begin PBXGroup section */
		55C73904135A3257007AE60B /* images */ = {
			isa = PBXGroup;
			children = (
				80DF04AD14282C3400A45FFA /* Default@2x.png */,
				80DF04AF14282C5C00A45FFA /* Default.png */,
				559DB80614257178004EC75A /* RAicon.png */,
				559DB7FB14257084004EC75A /* bluebutton1.png */,
				559DB7FC14257084004EC75A /* labelBG.png */,
				559DB7FD14257084004EC75A /* refresh.png */,
				559DB7FE14257084004EC75A /* settings.png */,
				559DB7FF14257084004EC75A /* tankicon.png */,
			);
			name = images;
			sourceTree = "<group>";
		};
		55C73908135A4004007AE60B /* model */ = {
			isa = PBXGroup;
			children = (
				55C73909135A4038007AE60B /* RA_WifiController.h */,
				55C7390A135A4038007AE60B /* RA_WifiController.m */,
				55C7390C135A40CD007AE60B /* RA_ParamObject.h */,
				55C7390D135A40CD007AE60B /* RA_ParamObject.m */,
				55236717135F4DD00067FFD9 /* tableViewCellInput.h */,
				55236718135F4DD00067FFD9 /* tableViewCellInput.m */,
				5523671A135F4E830067FFD9 /* tableViewCellInput.xib */,
			);
			name = model;
			sourceTree = "<group>";
		};
		55C73917135A4865007AE60B /* 3rdParty */ = {
			isa = PBXGroup;
			children = (
				8049D1C5142807980051D834 /* TestFlightSDK */,
				55C73963135A4C1F007AE60B /* libz.1.2.3.dylib */,
				8049D1A3142584DC0051D834 /* User.h */,
				8049D1A4142584DC0051D834 /* User.m */,
				8049D1A5142584DC0051D834 /* WonderXMLAppDelegate.h */,
				8049D1A6142584DC0051D834 /* WonderXMLAppDelegate.m */,
				8049D1A7142584DC0051D834 /* WonderXMLViewController.h */,
				8049D1A8142584DC0051D834 /* WonderXMLViewController.m */,
				8049D190142584BF0051D834 /* GDataXMLNode.h */,
				8049D191142584BF0051D834 /* GDataXMLNode.m */,
				8049D192142584BF0051D834 /* TypeMapping.h */,
				8049D193142584BF0051D834 /* TypeMapping.m */,
				8049D194142584BF0051D834 /* Util.h */,
				8049D195142584BF0051D834 /* Util.m */,
				8049D196142584BF0051D834 /* WonderXML_Prefix.pch */,
				8049D197142584BF0051D834 /* WonderXML-Info.plist */,
				8049D198142584BF0051D834 /* XmlHeaderHelper.h */,
				8049D199142584BF0051D834 /* XmlHeaderHelper.m */,
				8049D19A142584BF0051D834 /* XmlParser.h */,
				8049D19B142584BF0051D834 /* XmlParser.m */,
				55C73934135A4941007AE60B /* Reachability.h */,
				55C73935135A4941007AE60B /* Reachability.m */,
				55C73918135A4936007AE60B /* ASIAuthenticationDialog.h */,
				55C73919135A4936007AE60B /* ASIAuthenticationDialog.m */,
				55C7391A135A4936007AE60B /* ASICacheDelegate.h */,
				55C7391B135A4936007AE60B /* ASIDataCompressor.h */,
				55C7391C135A4936007AE60B /* ASIDataCompressor.m */,
				55C7391D135A4936007AE60B /* ASIDataDecompressor.h */,
				55C7391E135A4936007AE60B /* ASIDataDecompressor.m */,
				55C7391F135A4936007AE60B /* ASIDownloadCache.h */,
				55C73920135A4936007AE60B /* ASIDownloadCache.m */,
				55C73921135A4936007AE60B /* ASIFormDataRequest.h */,
				55C73922135A4936007AE60B /* ASIFormDataRequest.m */,
				55C73923135A4936007AE60B /* ASIHTTPRequest.h */,
				55C73924135A4936007AE60B /* ASIHTTPRequest.m */,
				55C73925135A4936007AE60B /* ASIHTTPRequestConfig.h */,
				55C73926135A4936007AE60B /* ASIHTTPRequestDelegate.h */,
				55C73927135A4936007AE60B /* ASIInputStream.h */,
				55C73928135A4936007AE60B /* ASIInputStream.m */,
				55C73929135A4936007AE60B /* ASINetworkQueue.h */,
				55C7392A135A4936007AE60B /* ASINetworkQueue.m */,
				55C7392B135A4936007AE60B /* ASIProgressDelegate.h */,
			);
			name = 3rdParty;
			sourceTree = "<group>";
		};
		55DF427E1359DA3900C45B47 = {
			isa = PBXGroup;
			children = (
				55DF42931359DA3900C45B47 /* ReefAngel Mobile Client */,
				55DF428C1359DA3900C45B47 /* Frameworks */,
				55DF428A1359DA3900C45B47 /* Products */,
			);
			sourceTree = "<group>";
		};
		55DF428A1359DA3900C45B47 /* Products */ = {
			isa = PBXGroup;
			children = (
				55DF42891359DA3900C45B47 /* ReefAngel.app */,
			);
			name = Products;
			sourceTree = "<group>";
		};
		55DF428C1359DA3900C45B47 /* Frameworks */ = {
			isa = PBXGroup;
			children = (
				55C73961135A4BD9007AE60B /* MobileCoreServices.framework */,
				55C7395F135A4BCE007AE60B /* SystemConfiguration.framework */,
				55C7395D135A4BB9007AE60B /* CFNetwork.framework */,
				55DF428D1359DA3900C45B47 /* UIKit.framework */,
				55DF428F1359DA3900C45B47 /* Foundation.framework */,
				55DF42911359DA3900C45B47 /* CoreGraphics.framework */,
			);
			name = Frameworks;
			sourceTree = "<group>";
		};
		55DF42931359DA3900C45B47 /* ReefAngel Mobile Client */ = {
			isa = PBXGroup;
			children = (
				55C73917135A4865007AE60B /* 3rdParty */,
				55C73908135A4004007AE60B /* model */,
				55C73904135A3257007AE60B /* images */,
				55DF429C1359DA3900C45B47 /* ReefAngel_Mobile_ClientAppDelegate.h */,
				55DF429D1359DA3900C45B47 /* ReefAngel_Mobile_ClientAppDelegate.m */,
				55DF429F1359DA3900C45B47 /* MainWindow.xib */,
				55DF42A21359DA3900C45B47 /* FirstViewController.h */,
				55DF42A31359DA3900C45B47 /* FirstViewController.m */,
				55DF42A81359DA3900C45B47 /* FirstView.xib */,
				55DF42AB1359DA3900C45B47 /* SecondView.xib */,
				55DF42941359DA3900C45B47 /* Supporting Files */,
				55C7397F135BDA9A007AE60B /* SecondViewController.h */,
				55C73980135BDA9A007AE60B /* SecondViewController.m */,
			);
			path = "ReefAngel Mobile Client";
			sourceTree = "<group>";
		};
		55DF42941359DA3900C45B47 /* Supporting Files */ = {
			isa = PBXGroup;
			children = (
				8049D1B614269F500051D834 /* savedata.plist */,
				55DF42951359DA3900C45B47 /* ReefAngel Mobile Client-Info.plist */,
				55DF42961359DA3900C45B47 /* InfoPlist.strings */,
				55DF42991359DA3900C45B47 /* ReefAngel Mobile Client-Prefix.pch */,
				55DF429A1359DA3900C45B47 /* main.m */,
			);
			name = "Supporting Files";
			sourceTree = "<group>";
		};
		8049D1C5142807980051D834 /* TestFlightSDK */ = {
			isa = PBXGroup;
			children = (
				8049D1C6142807980051D834 /* libTestFlight.a */,
				8049D1C7142807980051D834 /* README.txt */,
				8049D1C8142807980051D834 /* release_notes.txt */,
				8049D1C9142807980051D834 /* TestFlight.h */,
			);
			path = TestFlightSDK;
			sourceTree = "<group>";
		};
/* End PBXGroup section */

/* Begin PBXNativeTarget section */
		55DF42881359DA3900C45B47 /* ReefAngel */ = {
			isa = PBXNativeTarget;
			buildConfigurationList = 55DF42C61359DA3900C45B47 /* Build configuration list for PBXNativeTarget "ReefAngel" */;
			buildPhases = (
				55DF42851359DA3900C45B47 /* Sources */,
				55DF42861359DA3900C45B47 /* Frameworks */,
				55DF42871359DA3900C45B47 /* Resources */,
			);
			buildRules = (
			);
			dependencies = (
			);
			name = ReefAngel;
			productName = "ReefAngel Mobile Client";
			productReference = 55DF42891359DA3900C45B47 /* ReefAngel.app */;
			productType = "com.apple.product-type.application";
		};
/* End PBXNativeTarget section */

/* Begin PBXProject section */
		55DF42801359DA3900C45B47 /* Project object */ = {
			isa = PBXProject;
			attributes = {
				LastUpgradeCheck = 0420;
			};
			buildConfigurationList = 55DF42831359DA3900C45B47 /* Build configuration list for PBXProject "ReefAngel Mobile Client" */;
			compatibilityVersion = "Xcode 3.2";
			developmentRegion = English;
			hasScannedForEncodings = 0;
			knownRegions = (
				en,
			);
			mainGroup = 55DF427E1359DA3900C45B47;
			productRefGroup = 55DF428A1359DA3900C45B47 /* Products */;
			projectDirPath = "";
			projectRoot = "";
			targets = (
				55DF42881359DA3900C45B47 /* ReefAngel */,
			);
		};
/* End PBXProject section */

/* Begin PBXResourcesBuildPhase section */
		55DF42871359DA3900C45B47 /* Resources */ = {
			isa = PBXResourcesBuildPhase;
			buildActionMask = 2147483647;
			files = (
				55DF42981359DA3900C45B47 /* InfoPlist.strings in Resources */,
				55DF42A11359DA3900C45B47 /* MainWindow.xib in Resources */,
				55DF42AA1359DA3900C45B47 /* FirstView.xib in Resources */,
				55DF42AD1359DA3900C45B47 /* SecondView.xib in Resources */,
				5523671B135F4E830067FFD9 /* tableViewCellInput.xib in Resources */,
				559DB80014257084004EC75A /* bluebutton1.png in Resources */,
				559DB80114257084004EC75A /* labelBG.png in Resources */,
				559DB80214257084004EC75A /* refresh.png in Resources */,
				559DB80314257084004EC75A /* settings.png in Resources */,
				559DB80414257084004EC75A /* tankicon.png in Resources */,
				559DB80714257178004EC75A /* RAicon.png in Resources */,
				8049D19F142584BF0051D834 /* WonderXML-Info.plist in Resources */,
				8049D1B714269F500051D834 /* savedata.plist in Resources */,
				8049D1CB142807980051D834 /* README.txt in Resources */,
				8049D1CC142807980051D834 /* release_notes.txt in Resources */,
				80DF04AE14282C3400A45FFA /* Default@2x.png in Resources */,
				80DF04B014282C5C00A45FFA /* Default.png in Resources */,
			);
			runOnlyForDeploymentPostprocessing = 0;
		};
/* End PBXResourcesBuildPhase section */

/* Begin PBXSourcesBuildPhase section */
		55DF42851359DA3900C45B47 /* Sources */ = {
			isa = PBXSourcesBuildPhase;
			buildActionMask = 2147483647;
			files = (
				55DF429B1359DA3900C45B47 /* main.m in Sources */,
				55DF429E1359DA3900C45B47 /* ReefAngel_Mobile_ClientAppDelegate.m in Sources */,
				55DF42A41359DA3900C45B47 /* FirstViewController.m in Sources */,
				55C7390B135A4038007AE60B /* RA_WifiController.m in Sources */,
				55C7390E135A40CD007AE60B /* RA_ParamObject.m in Sources */,
				55C7392C135A4936007AE60B /* ASIAuthenticationDialog.m in Sources */,
				55C7392D135A4936007AE60B /* ASIDataCompressor.m in Sources */,
				55C7392E135A4936007AE60B /* ASIDataDecompressor.m in Sources */,
				55C7392F135A4936007AE60B /* ASIDownloadCache.m in Sources */,
				55C73930135A4936007AE60B /* ASIFormDataRequest.m in Sources */,
				55C73931135A4936007AE60B /* ASIHTTPRequest.m in Sources */,
				55C73932135A4936007AE60B /* ASIInputStream.m in Sources */,
				55C73933135A4936007AE60B /* ASINetworkQueue.m in Sources */,
				55C73936135A4941007AE60B /* Reachability.m in Sources */,
				55C73981135BDA9A007AE60B /* SecondViewController.m in Sources */,
				55236719135F4DD00067FFD9 /* tableViewCellInput.m in Sources */,
				8049D19C142584BF0051D834 /* GDataXMLNode.m in Sources */,
				8049D19D142584BF0051D834 /* TypeMapping.m in Sources */,
				8049D19E142584BF0051D834 /* Util.m in Sources */,
				8049D1A0142584BF0051D834 /* XmlHeaderHelper.m in Sources */,
				8049D1A1142584BF0051D834 /* XmlParser.m in Sources */,
				8049D1A9142584DC0051D834 /* User.m in Sources */,
				8049D1AA142584DC0051D834 /* WonderXMLAppDelegate.m in Sources */,
				8049D1AB142584DC0051D834 /* WonderXMLViewController.m in Sources */,
			);
			runOnlyForDeploymentPostprocessing = 0;
		};
/* End PBXSourcesBuildPhase section */

/* Begin PBXVariantGroup section */
		55DF42961359DA3900C45B47 /* InfoPlist.strings */ = {
			isa = PBXVariantGroup;
			children = (
				55DF42971359DA3900C45B47 /* en */,
			);
			name = InfoPlist.strings;
			sourceTree = "<group>";
		};
		55DF429F1359DA3900C45B47 /* MainWindow.xib */ = {
			isa = PBXVariantGroup;
			children = (
				55DF42A01359DA3900C45B47 /* en */,
			);
			name = MainWindow.xib;
			sourceTree = "<group>";
		};
		55DF42A81359DA3900C45B47 /* FirstView.xib */ = {
			isa = PBXVariantGroup;
			children = (
				55DF42A91359DA3900C45B47 /* en */,
			);
			name = FirstView.xib;
			sourceTree = "<group>";
		};
		55DF42AB1359DA3900C45B47 /* SecondView.xib */ = {
			isa = PBXVariantGroup;
			children = (
				55DF42AC1359DA3900C45B47 /* en */,
			);
			name = SecondView.xib;
			sourceTree = "<group>";
		};
/* End PBXVariantGroup section */

/* Begin XCBuildConfiguration section */
		55DF42C41359DA3900C45B47 /* Debug */ = {
			isa = XCBuildConfiguration;
			buildSettings = {
				ARCHS = "$(ARCHS_STANDARD_32_BIT)";
				CODE_SIGN_IDENTITY = "iPhone Developer";
				"CODE_SIGN_IDENTITY[sdk=iphoneos*]" = "iPhone Developer";
				COPY_PHASE_STRIP = NO;
				GCC_C_LANGUAGE_STANDARD = gnu99;
				GCC_OPTIMIZATION_LEVEL = 0;
				GCC_PREPROCESSOR_DEFINITIONS = DEBUG;
				GCC_SYMBOLS_PRIVATE_EXTERN = NO;
				GCC_VERSION = com.apple.compilers.llvmgcc42;
				GCC_WARN_ABOUT_RETURN_TYPE = YES;
				GCC_WARN_UNUSED_VARIABLE = YES;
				HEADER_SEARCH_PATHS = "/usr/include/libxml2/**";
				IPHONEOS_DEPLOYMENT_TARGET = 4.0;
				New_Setting = "";
				OTHER_LDFLAGS = "-lxml2";
				PROVISIONING_PROFILE = "";
				"PROVISIONING_PROFILE[sdk=iphoneos*]" = "";
				SDKROOT = iphoneos4.3;
				STRIP_INSTALLED_PRODUCT = NO;
			};
			name = Debug;
		};
		55DF42C51359DA3900C45B47 /* Release */ = {
			isa = XCBuildConfiguration;
			buildSettings = {
				ARCHS = "$(ARCHS_STANDARD_32_BIT)";
				CODE_SIGN_IDENTITY = "iPhone Developer";
				"CODE_SIGN_IDENTITY[sdk=iphoneos*]" = "iPhone Developer";
				COPY_PHASE_STRIP = NO;
				GCC_C_LANGUAGE_STANDARD = gnu99;
				GCC_VERSION = com.apple.compilers.llvmgcc42;
				GCC_WARN_ABOUT_RETURN_TYPE = YES;
				GCC_WARN_UNUSED_VARIABLE = YES;
				HEADER_SEARCH_PATHS = "/usr/include/libxml2/**";
				IPHONEOS_DEPLOYMENT_TARGET = 4.0;
				New_Setting = "";
				OTHER_CFLAGS = "-DNS_BLOCK_ASSERTIONS=1";
				OTHER_LDFLAGS = "-lxml2";
				PROVISIONING_PROFILE = "";
				"PROVISIONING_PROFILE[sdk=iphoneos*]" = "";
				SDKROOT = iphoneos4.3;
				STRIP_INSTALLED_PRODUCT = NO;
			};
			name = Release;
		};
		55DF42C71359DA3900C45B47 /* Debug */ = {
			isa = XCBuildConfiguration;
			buildSettings = {
				ALWAYS_SEARCH_USER_PATHS = NO;
				CODE_SIGN_IDENTITY = "iPhone Developer: John Wiebalk (92HEE83TZH)";
				"CODE_SIGN_IDENTITY[sdk=iphoneos*]" = "iPhone Developer";
				COPY_PHASE_STRIP = NO;
				GCC_DYNAMIC_NO_PIC = NO;
				GCC_PRECOMPILE_PREFIX_HEADER = YES;
				GCC_PREFIX_HEADER = "ReefAngel Mobile Client/ReefAngel Mobile Client-Prefix.pch";
				GCC_VERSION = com.apple.compilers.llvm.clang.1_0;
				INFOPLIST_FILE = "ReefAngel Mobile Client/ReefAngel Mobile Client-Info.plist";
				IPHONEOS_DEPLOYMENT_TARGET = 4.3;
				LIBRARY_SEARCH_PATHS = (
					"$(inherited)",
					"\"$(SRCROOT)/ReefAngel Mobile Client/TestFlightSDK\"",
				);
				PRODUCT_NAME = "$(TARGET_NAME)";
				PROVISIONING_PROFILE = "3A963270-5B9A-453C-88A2-CB96C04ADD6E";
				"PROVISIONING_PROFILE[sdk=iphoneos*]" = "";
				TARGETED_DEVICE_FAMILY = 1;
				WRAPPER_EXTENSION = app;
			};
			name = Debug;
		};
		55DF42C81359DA3900C45B47 /* Release */ = {
			isa = XCBuildConfiguration;
			buildSettings = {
				ALWAYS_SEARCH_USER_PATHS = NO;
				CODE_SIGN_IDENTITY = "iPhone Distribution: John Wiebalk";
				"CODE_SIGN_IDENTITY[sdk=iphoneos*]" = "iPhone Distribution: John Wiebalk";
				COPY_PHASE_STRIP = YES;
				GCC_PRECOMPILE_PREFIX_HEADER = YES;
				GCC_PREFIX_HEADER = "ReefAngel Mobile Client/ReefAngel Mobile Client-Prefix.pch";
				GCC_VERSION = com.apple.compilers.llvm.clang.1_0;
				INFOPLIST_FILE = "ReefAngel Mobile Client/ReefAngel Mobile Client-Info.plist";
				IPHONEOS_DEPLOYMENT_TARGET = 4.3;
				LIBRARY_SEARCH_PATHS = (
					"$(inherited)",
					"\"$(SRCROOT)/ReefAngel Mobile Client/TestFlightSDK\"",
				);
				PRODUCT_NAME = "$(TARGET_NAME)";
				PROVISIONING_PROFILE = "AE0FE4AB-4133-4776-A3A5-3558505993F1";
				"PROVISIONING_PROFILE[sdk=iphoneos*]" = "AE0FE4AB-4133-4776-A3A5-3558505993F1";
				TARGETED_DEVICE_FAMILY = 1;
				VALIDATE_PRODUCT = YES;
				WRAPPER_EXTENSION = app;
			};
			name = Release;
		};
/* End XCBuildConfiguration section */

/* Begin XCConfigurationList section */
		55DF42831359DA3900C45B47 /* Build configuration list for PBXProject "ReefAngel Mobile Client" */ = {
			isa = XCConfigurationList;
			buildConfigurations = (
				55DF42C41359DA3900C45B47 /* Debug */,
				55DF42C51359DA3900C45B47 /* Release */,
			);
			defaultConfigurationIsVisible = 0;
			defaultConfigurationName = Release;
		};
		55DF42C61359DA3900C45B47 /* Build configuration list for PBXNativeTarget "ReefAngel" */ = {
			isa = XCConfigurationList;
			buildConfigurations = (
				55DF42C71359DA3900C45B47 /* Debug */,
				55DF42C81359DA3900C45B47 /* Release */,
			);
			defaultConfigurationIsVisible = 0;
			defaultConfigurationName = Release;
		};
/* End XCConfigurationList section */
	};
	rootObject = 55DF42801359DA3900C45B47 /* Project object */;
}
