// !$*UTF8*$!
{
	archiveVersion = 1;
	classes = {
	};
	objectVersion = 46;
	objects = {

/* Begin PBXBuildFile section */
		559DB80014257084004EC75A /* bluebutton1.png in Resources */ = {isa = PBXBuildFile; fileRef = 559DB7FB14257084004EC75A /* bluebutton1.png */; };
		559DB80114257084004EC75A /* labelBG.png in Resources */ = {isa = PBXBuildFile; fileRef = 559DB7FC14257084004EC75A /* labelBG.png */; };
		559DB80214257084004EC75A /* refresh.png in Resources */ = {isa = PBXBuildFile; fileRef = 559DB7FD14257084004EC75A /* refresh.png */; };
		559DB80314257084004EC75A /* settings.png in Resources */ = {isa = PBXBuildFile; fileRef = 559DB7FE14257084004EC75A /* settings.png */; };
		559DB80414257084004EC75A /* tankicon.png in Resources */ = {isa = PBXBuildFile; fileRef = 559DB7FF14257084004EC75A /* tankicon.png */; };
		55C7390E135A40CD007AE60B /* RA_ParamObject.m in Sources */ = {isa = PBXBuildFile; fileRef = 55C7390D135A40CD007AE60B /* RA_ParamObject.m */; };
		55C73936135A4941007AE60B /* Reachability.m in Sources */ = {isa = PBXBuildFile; fileRef = 55C73935135A4941007AE60B /* Reachability.m */; };
		55C7395E135A4BB9007AE60B /* CFNetwork.framework in Frameworks */ = {isa = PBXBuildFile; fileRef = 55C7395D135A4BB9007AE60B /* CFNetwork.framework */; };
		55C73960135A4BCE007AE60B /* SystemConfiguration.framework in Frameworks */ = {isa = PBXBuildFile; fileRef = 55C7395F135A4BCE007AE60B /* SystemConfiguration.framework */; };
		55C73962135A4BD9007AE60B /* MobileCoreServices.framework in Frameworks */ = {isa = PBXBuildFile; fileRef = 55C73961135A4BD9007AE60B /* MobileCoreServices.framework */; };
		55C73981135BDA9A007AE60B /* SecondViewController.m in Sources */ = {isa = PBXBuildFile; fileRef = 55C73980135BDA9A007AE60B /* SecondViewController.m */; };
		55DF428E1359DA3900C45B47 /* UIKit.framework in Frameworks */ = {isa = PBXBuildFile; fileRef = 55DF428D1359DA3900C45B47 /* UIKit.framework */; };
		55DF42901359DA3900C45B47 /* Foundation.framework in Frameworks */ = {isa = PBXBuildFile; fileRef = 55DF428F1359DA3900C45B47 /* Foundation.framework */; };
		55DF42921359DA3900C45B47 /* CoreGraphics.framework in Frameworks */ = {isa = PBXBuildFile; fileRef = 55DF42911359DA3900C45B47 /* CoreGraphics.framework */; };
		55DF42981359DA3900C45B47 /* InfoPlist.strings in Resources */ = {isa = PBXBuildFile; fileRef = 55DF42961359DA3900C45B47 /* InfoPlist.strings */; };
		55DF429B1359DA3900C45B47 /* main.m in Sources */ = {isa = PBXBuildFile; fileRef = 55DF429A1359DA3900C45B47 /* main.m */; };
		55DF429E1359DA3900C45B47 /* ReefAngel_Mobile_ClientAppDelegate.m in Sources */ = {isa = PBXBuildFile; fileRef = 55DF429D1359DA3900C45B47 /* ReefAngel_Mobile_ClientAppDelegate.m */; };
		55DF42A11359DA3900C45B47 /* MainWindow.xib in Resources */ = {isa = PBXBuildFile; fileRef = 55DF429F1359DA3900C45B47 /* MainWindow.xib */; };
		55DF42A41359DA3900C45B47 /* FirstViewController.m in Sources */ = {isa = PBXBuildFile; fileRef = 55DF42A31359DA3900C45B47 /* FirstViewController.m */; };
		55DF42AA1359DA3900C45B47 /* FirstView.xib in Resources */ = {isa = PBXBuildFile; fileRef = 55DF42A81359DA3900C45B47 /* FirstView.xib */; };
		55DF42AD1359DA3900C45B47 /* SecondView.xib in Resources */ = {isa = PBXBuildFile; fileRef = 55DF42AB1359DA3900C45B47 /* SecondView.xib */; };
		740A7190149AE77E00846342 /* History.m in Sources */ = {isa = PBXBuildFile; fileRef = 740A718E149AE77E00846342 /* History.m */; };
		740A7191149AE77E00846342 /* History.m in Sources */ = {isa = PBXBuildFile; fileRef = 740A718E149AE77E00846342 /* History.m */; };
		740A7192149AE77E00846342 /* History.xib in Resources */ = {isa = PBXBuildFile; fileRef = 740A718F149AE77E00846342 /* History.xib */; };
		740A7193149AE77E00846342 /* History.xib in Resources */ = {isa = PBXBuildFile; fileRef = 740A718F149AE77E00846342 /* History.xib */; };
		740A71C9149AF29A00846342 /* S7GraphView.m in Sources */ = {isa = PBXBuildFile; fileRef = 740A71C7149AF29A00846342 /* S7GraphView.m */; };
		740A71CA149AF29A00846342 /* S7GraphView.m in Sources */ = {isa = PBXBuildFile; fileRef = 740A71C7149AF29A00846342 /* S7GraphView.m */; };
		740A71CD149AF48C00846342 /* GraphView.m in Sources */ = {isa = PBXBuildFile; fileRef = 740A71CC149AF48C00846342 /* GraphView.m */; };
		740A71CE149AF48C00846342 /* GraphView.m in Sources */ = {isa = PBXBuildFile; fileRef = 740A71CC149AF48C00846342 /* GraphView.m */; };
		740EBAE514510C2700D02ADF /* Controls.m in Sources */ = {isa = PBXBuildFile; fileRef = 740EBAE314510C2600D02ADF /* Controls.m */; };
		740EBAE814510CC800D02ADF /* Controls.xib in Resources */ = {isa = PBXBuildFile; fileRef = 740EBAE714510CC800D02ADF /* Controls.xib */; };
		740EBAFB14525ADA00D02ADF /* Memdata.plist in Resources */ = {isa = PBXBuildFile; fileRef = 740EBAFA14525ADA00D02ADF /* Memdata.plist */; };
		742118F41453705F007AB4BC /* dashboard.png in Resources */ = {isa = PBXBuildFile; fileRef = 742118F31453705F007AB4BC /* dashboard.png */; };
		74525CDD1533C5FD0038FC3E /* History.xib in Resources */ = {isa = PBXBuildFile; fileRef = 74525CDC1533C5FD0038FC3E /* History.xib */; };
		7460CC261460DE2F009CB7E2 /* Default-Landscape~ipad.png in Resources */ = {isa = PBXBuildFile; fileRef = 7460CC251460DE2E009CB7E2 /* Default-Landscape~ipad.png */; };
		746D0FE1145F78AF0000FAAB /* MyiPadTabBarController.m in Sources */ = {isa = PBXBuildFile; fileRef = 746D0FE0145F78AF0000FAAB /* MyiPadTabBarController.m */; };
		746D0FE3145F7D1A0000FAAB /* Default-Portrait~ipad.png in Resources */ = {isa = PBXBuildFile; fileRef = 746D0FE2145F7D1A0000FAAB /* Default-Portrait~ipad.png */; };
		7492421114A17C26008B9936 /* MultiTouchS7GraphView.m in Sources */ = {isa = PBXBuildFile; fileRef = 7492421014A17C26008B9936 /* MultiTouchS7GraphView.m */; };
		7492421214A17C26008B9936 /* MultiTouchS7GraphView.m in Sources */ = {isa = PBXBuildFile; fileRef = 7492421014A17C26008B9936 /* MultiTouchS7GraphView.m */; };
		7497B71C143B8FBA002752D4 /* libz.dylib in Frameworks */ = {isa = PBXBuildFile; fileRef = 7497B71B143B8FBA002752D4 /* libz.dylib */; };
		74E48061144FB1550097CA99 /* User.m in Sources */ = {isa = PBXBuildFile; fileRef = 74E48060144FB1550097CA99 /* User.m */; };
		74EAC8AD145F350C006C9A00 /* main.m in Sources */ = {isa = PBXBuildFile; fileRef = 55DF429A1359DA3900C45B47 /* main.m */; };
		74EAC8AE145F350C006C9A00 /* ReefAngel_Mobile_ClientAppDelegate.m in Sources */ = {isa = PBXBuildFile; fileRef = 55DF429D1359DA3900C45B47 /* ReefAngel_Mobile_ClientAppDelegate.m */; };
		74EAC8AF145F350C006C9A00 /* FirstViewController.m in Sources */ = {isa = PBXBuildFile; fileRef = 55DF42A31359DA3900C45B47 /* FirstViewController.m */; };
		74EAC8B0145F350C006C9A00 /* RA_ParamObject.m in Sources */ = {isa = PBXBuildFile; fileRef = 55C7390D135A40CD007AE60B /* RA_ParamObject.m */; };
		74EAC8B1145F350C006C9A00 /* Reachability.m in Sources */ = {isa = PBXBuildFile; fileRef = 55C73935135A4941007AE60B /* Reachability.m */; };
		74EAC8B2145F350C006C9A00 /* SecondViewController.m in Sources */ = {isa = PBXBuildFile; fileRef = 55C73980135BDA9A007AE60B /* SecondViewController.m */; };
		74EAC8B3145F350C006C9A00 /* GDataXMLNode.m in Sources */ = {isa = PBXBuildFile; fileRef = 8049D191142584BF0051D834 /* GDataXMLNode.m */; };
		74EAC8B4145F350C006C9A00 /* TypeMapping.m in Sources */ = {isa = PBXBuildFile; fileRef = 8049D193142584BF0051D834 /* TypeMapping.m */; };
		74EAC8B5145F350C006C9A00 /* XmlHeaderHelper.m in Sources */ = {isa = PBXBuildFile; fileRef = 8049D199142584BF0051D834 /* XmlHeaderHelper.m */; };
		74EAC8B6145F350C006C9A00 /* XmlParser.m in Sources */ = {isa = PBXBuildFile; fileRef = 8049D19B142584BF0051D834 /* XmlParser.m */; };
		74EAC8B7145F350C006C9A00 /* WonderXMLAppDelegate.m in Sources */ = {isa = PBXBuildFile; fileRef = 8049D1A6142584DC0051D834 /* WonderXMLAppDelegate.m */; };
		74EAC8B8145F350C006C9A00 /* WonderXMLViewController.m in Sources */ = {isa = PBXBuildFile; fileRef = 8049D1A8142584DC0051D834 /* WonderXMLViewController.m */; };
		74EAC8B9145F350C006C9A00 /* TPKeyboardAvoidingScrollView.m in Sources */ = {isa = PBXBuildFile; fileRef = 80020DD7142FB4C60030DEF7 /* TPKeyboardAvoidingScrollView.m */; };
		74EAC8BA145F350C006C9A00 /* MemoryViewController.m in Sources */ = {isa = PBXBuildFile; fileRef = 80A77CD11437B81B00861996 /* MemoryViewController.m */; };
		74EAC8BB145F350C006C9A00 /* MemValues.m in Sources */ = {isa = PBXBuildFile; fileRef = 80B5F9CD1437BC910084685C /* MemValues.m */; };
		74EAC8BC145F350C006C9A00 /* User.m in Sources */ = {isa = PBXBuildFile; fileRef = 74E48060144FB1550097CA99 /* User.m */; };
		74EAC8BD145F350C006C9A00 /* Controls.m in Sources */ = {isa = PBXBuildFile; fileRef = 740EBAE314510C2600D02ADF /* Controls.m */; };
		74EAC8BF145F350C006C9A00 /* libz.dylib in Frameworks */ = {isa = PBXBuildFile; fileRef = 7497B71B143B8FBA002752D4 /* libz.dylib */; };
		74EAC8C0145F350C006C9A00 /* MobileCoreServices.framework in Frameworks */ = {isa = PBXBuildFile; fileRef = 55C73961135A4BD9007AE60B /* MobileCoreServices.framework */; };
		74EAC8C1145F350C006C9A00 /* SystemConfiguration.framework in Frameworks */ = {isa = PBXBuildFile; fileRef = 55C7395F135A4BCE007AE60B /* SystemConfiguration.framework */; };
		74EAC8C2145F350C006C9A00 /* CFNetwork.framework in Frameworks */ = {isa = PBXBuildFile; fileRef = 55C7395D135A4BB9007AE60B /* CFNetwork.framework */; };
		74EAC8C3145F350C006C9A00 /* UIKit.framework in Frameworks */ = {isa = PBXBuildFile; fileRef = 55DF428D1359DA3900C45B47 /* UIKit.framework */; };
		74EAC8C4145F350C006C9A00 /* Foundation.framework in Frameworks */ = {isa = PBXBuildFile; fileRef = 55DF428F1359DA3900C45B47 /* Foundation.framework */; };
		74EAC8C5145F350C006C9A00 /* CoreGraphics.framework in Frameworks */ = {isa = PBXBuildFile; fileRef = 55DF42911359DA3900C45B47 /* CoreGraphics.framework */; };
		74EAC8C7145F350C006C9A00 /* InfoPlist.strings in Resources */ = {isa = PBXBuildFile; fileRef = 55DF42961359DA3900C45B47 /* InfoPlist.strings */; };
		74EAC8CB145F350C006C9A00 /* bluebutton1.png in Resources */ = {isa = PBXBuildFile; fileRef = 559DB7FB14257084004EC75A /* bluebutton1.png */; };
		74EAC8CC145F350C006C9A00 /* labelBG.png in Resources */ = {isa = PBXBuildFile; fileRef = 559DB7FC14257084004EC75A /* labelBG.png */; };
		74EAC8CD145F350C006C9A00 /* refresh.png in Resources */ = {isa = PBXBuildFile; fileRef = 559DB7FD14257084004EC75A /* refresh.png */; };
		74EAC8CE145F350C006C9A00 /* settings.png in Resources */ = {isa = PBXBuildFile; fileRef = 559DB7FE14257084004EC75A /* settings.png */; };
		74EAC8CF145F350C006C9A00 /* tankicon.png in Resources */ = {isa = PBXBuildFile; fileRef = 559DB7FF14257084004EC75A /* tankicon.png */; };
		74EAC8D0145F350C006C9A00 /* WonderXML-Info.plist in Resources */ = {isa = PBXBuildFile; fileRef = 8049D197142584BF0051D834 /* WonderXML-Info.plist */; };
		74EAC8D1145F350C006C9A00 /* savedata.plist in Resources */ = {isa = PBXBuildFile; fileRef = 8049D1B614269F500051D834 /* savedata.plist */; };
		74EAC8D2145F350C006C9A00 /* Default@2x.png in Resources */ = {isa = PBXBuildFile; fileRef = 80DF04AD14282C3400A45FFA /* Default@2x.png */; };
		74EAC8D3145F350C006C9A00 /* Default.png in Resources */ = {isa = PBXBuildFile; fileRef = 80DF04AF14282C5C00A45FFA /* Default.png */; };
		74EAC8D4145F350C006C9A00 /* icon-72.png in Resources */ = {isa = PBXBuildFile; fileRef = 8060DE83142D756600248B60 /* icon-72.png */; };
		74EAC8D5145F350C006C9A00 /* icon-small-50.png in Resources */ = {isa = PBXBuildFile; fileRef = 8060DE84142D756600248B60 /* icon-small-50.png */; };
		74EAC8D6145F350C006C9A00 /* icon-small.png in Resources */ = {isa = PBXBuildFile; fileRef = 8060DE85142D756600248B60 /* icon-small.png */; };
		74EAC8D7145F350C006C9A00 /* icon-small@2x.png in Resources */ = {isa = PBXBuildFile; fileRef = 8060DE86142D756600248B60 /* icon-small@2x.png */; };
		74EAC8D8145F350C006C9A00 /* icon.png in Resources */ = {isa = PBXBuildFile; fileRef = 8060DE87142D756600248B60 /* icon.png */; };
		74EAC8D9145F350C006C9A00 /* icon@2x.png in Resources */ = {isa = PBXBuildFile; fileRef = 8060DE88142D756600248B60 /* icon@2x.png */; };
		74EAC8DC145F350C006C9A00 /* Memdata.plist in Resources */ = {isa = PBXBuildFile; fileRef = 740EBAFA14525ADA00D02ADF /* Memdata.plist */; };
		74EAC8DD145F350C006C9A00 /* dashboard.png in Resources */ = {isa = PBXBuildFile; fileRef = 742118F31453705F007AB4BC /* dashboard.png */; };
		74EAC8EE145F3511006C9A00 /* MainWindow.xib in Resources */ = {isa = PBXBuildFile; fileRef = 74EAC8E6145F3511006C9A00 /* MainWindow.xib */; };
		74EAC8EF145F3511006C9A00 /* FirstView.xib in Resources */ = {isa = PBXBuildFile; fileRef = 74EAC8E8145F3511006C9A00 /* FirstView.xib */; };
		74EAC8F0145F3511006C9A00 /* SecondView.xib in Resources */ = {isa = PBXBuildFile; fileRef = 74EAC8EA145F3511006C9A00 /* SecondView.xib */; };
		74EAC8F1145F3511006C9A00 /* MemoryViewController.xib in Resources */ = {isa = PBXBuildFile; fileRef = 74EAC8EC145F3511006C9A00 /* MemoryViewController.xib */; };
		74EAC8F2145F3511006C9A00 /* Controls.xib in Resources */ = {isa = PBXBuildFile; fileRef = 74EAC8ED145F3511006C9A00 /* Controls.xib */; };
		80020DD8142FB4C60030DEF7 /* TPKeyboardAvoidingScrollView.m in Sources */ = {isa = PBXBuildFile; fileRef = 80020DD7142FB4C60030DEF7 /* TPKeyboardAvoidingScrollView.m */; };
		8049D19C142584BF0051D834 /* GDataXMLNode.m in Sources */ = {isa = PBXBuildFile; fileRef = 8049D191142584BF0051D834 /* GDataXMLNode.m */; };
		8049D19D142584BF0051D834 /* TypeMapping.m in Sources */ = {isa = PBXBuildFile; fileRef = 8049D193142584BF0051D834 /* TypeMapping.m */; };
		8049D19F142584BF0051D834 /* WonderXML-Info.plist in Resources */ = {isa = PBXBuildFile; fileRef = 8049D197142584BF0051D834 /* WonderXML-Info.plist */; };
		8049D1A0142584BF0051D834 /* XmlHeaderHelper.m in Sources */ = {isa = PBXBuildFile; fileRef = 8049D199142584BF0051D834 /* XmlHeaderHelper.m */; };
		8049D1A1142584BF0051D834 /* XmlParser.m in Sources */ = {isa = PBXBuildFile; fileRef = 8049D19B142584BF0051D834 /* XmlParser.m */; };
		8049D1AA142584DC0051D834 /* WonderXMLAppDelegate.m in Sources */ = {isa = PBXBuildFile; fileRef = 8049D1A6142584DC0051D834 /* WonderXMLAppDelegate.m */; };
		8049D1AB142584DC0051D834 /* WonderXMLViewController.m in Sources */ = {isa = PBXBuildFile; fileRef = 8049D1A8142584DC0051D834 /* WonderXMLViewController.m */; };
		8049D1B714269F500051D834 /* savedata.plist in Resources */ = {isa = PBXBuildFile; fileRef = 8049D1B614269F500051D834 /* savedata.plist */; };
		8060DE8A142D756600248B60 /* icon-72.png in Resources */ = {isa = PBXBuildFile; fileRef = 8060DE83142D756600248B60 /* icon-72.png */; };
		8060DE8B142D756600248B60 /* icon-small-50.png in Resources */ = {isa = PBXBuildFile; fileRef = 8060DE84142D756600248B60 /* icon-small-50.png */; };
		8060DE8C142D756600248B60 /* icon-small.png in Resources */ = {isa = PBXBuildFile; fileRef = 8060DE85142D756600248B60 /* icon-small.png */; };
		8060DE8D142D756600248B60 /* icon-small@2x.png in Resources */ = {isa = PBXBuildFile; fileRef = 8060DE86142D756600248B60 /* icon-small@2x.png */; };
		8060DE8E142D756600248B60 /* icon.png in Resources */ = {isa = PBXBuildFile; fileRef = 8060DE87142D756600248B60 /* icon.png */; };
		8060DE8F142D756600248B60 /* icon@2x.png in Resources */ = {isa = PBXBuildFile; fileRef = 8060DE88142D756600248B60 /* icon@2x.png */; };
		80A77CD31437B81B00861996 /* MemoryViewController.m in Sources */ = {isa = PBXBuildFile; fileRef = 80A77CD11437B81B00861996 /* MemoryViewController.m */; };
		80A77CD41437B81B00861996 /* MemoryViewController.xib in Resources */ = {isa = PBXBuildFile; fileRef = 80A77CD21437B81B00861996 /* MemoryViewController.xib */; };
		80B5F9CE1437BC910084685C /* MemValues.m in Sources */ = {isa = PBXBuildFile; fileRef = 80B5F9CD1437BC910084685C /* MemValues.m */; };
		80DF04AE14282C3400A45FFA /* Default@2x.png in Resources */ = {isa = PBXBuildFile; fileRef = 80DF04AD14282C3400A45FFA /* Default@2x.png */; };
		80DF04B014282C5C00A45FFA /* Default.png in Resources */ = {isa = PBXBuildFile; fileRef = 80DF04AF14282C5C00A45FFA /* Default.png */; };
/* End PBXBuildFile section */

/* Begin PBXFileReference section */
		559DB7FB14257084004EC75A /* bluebutton1.png */ = {isa = PBXFileReference; lastKnownFileType = image.png; name = bluebutton1.png; path = images/bluebutton1.png; sourceTree = SOURCE_ROOT; };
		559DB7FC14257084004EC75A /* labelBG.png */ = {isa = PBXFileReference; lastKnownFileType = image.png; name = labelBG.png; path = images/labelBG.png; sourceTree = SOURCE_ROOT; };
		559DB7FD14257084004EC75A /* refresh.png */ = {isa = PBXFileReference; lastKnownFileType = image.png; name = refresh.png; path = images/refresh.png; sourceTree = SOURCE_ROOT; };
		559DB7FE14257084004EC75A /* settings.png */ = {isa = PBXFileReference; lastKnownFileType = image.png; name = settings.png; path = images/settings.png; sourceTree = SOURCE_ROOT; };
		559DB7FF14257084004EC75A /* tankicon.png */ = {isa = PBXFileReference; lastKnownFileType = image.png; name = tankicon.png; path = images/tankicon.png; sourceTree = SOURCE_ROOT; };
		55C7390C135A40CD007AE60B /* RA_ParamObject.h */ = {isa = PBXFileReference; fileEncoding = 4; lastKnownFileType = sourcecode.c.h; path = RA_ParamObject.h; sourceTree = "<group>"; };
		55C7390D135A40CD007AE60B /* RA_ParamObject.m */ = {isa = PBXFileReference; fileEncoding = 4; lastKnownFileType = sourcecode.c.objc; path = RA_ParamObject.m; sourceTree = "<group>"; };
		55C73934135A4941007AE60B /* Reachability.h */ = {isa = PBXFileReference; fileEncoding = 4; lastKnownFileType = sourcecode.c.h; path = Reachability.h; sourceTree = "<group>"; };
		55C73935135A4941007AE60B /* Reachability.m */ = {isa = PBXFileReference; fileEncoding = 4; lastKnownFileType = sourcecode.c.objc; path = Reachability.m; sourceTree = "<group>"; };
		55C7395D135A4BB9007AE60B /* CFNetwork.framework */ = {isa = PBXFileReference; lastKnownFileType = wrapper.framework; name = CFNetwork.framework; path = System/Library/Frameworks/CFNetwork.framework; sourceTree = SDKROOT; };
		55C7395F135A4BCE007AE60B /* SystemConfiguration.framework */ = {isa = PBXFileReference; lastKnownFileType = wrapper.framework; name = SystemConfiguration.framework; path = System/Library/Frameworks/SystemConfiguration.framework; sourceTree = SDKROOT; };
		55C73961135A4BD9007AE60B /* MobileCoreServices.framework */ = {isa = PBXFileReference; lastKnownFileType = wrapper.framework; name = MobileCoreServices.framework; path = System/Library/Frameworks/MobileCoreServices.framework; sourceTree = SDKROOT; };
		55C7397F135BDA9A007AE60B /* SecondViewController.h */ = {isa = PBXFileReference; fileEncoding = 4; lastKnownFileType = sourcecode.c.h; path = SecondViewController.h; sourceTree = "<group>"; };
		55C73980135BDA9A007AE60B /* SecondViewController.m */ = {isa = PBXFileReference; fileEncoding = 4; lastKnownFileType = sourcecode.c.objc; path = SecondViewController.m; sourceTree = "<group>"; };
		55DF42891359DA3900C45B47 /* ReefAngel.app */ = {isa = PBXFileReference; explicitFileType = wrapper.application; includeInIndex = 0; path = ReefAngel.app; sourceTree = BUILT_PRODUCTS_DIR; };
		55DF428D1359DA3900C45B47 /* UIKit.framework */ = {isa = PBXFileReference; lastKnownFileType = wrapper.framework; name = UIKit.framework; path = System/Library/Frameworks/UIKit.framework; sourceTree = SDKROOT; };
		55DF428F1359DA3900C45B47 /* Foundation.framework */ = {isa = PBXFileReference; lastKnownFileType = wrapper.framework; name = Foundation.framework; path = System/Library/Frameworks/Foundation.framework; sourceTree = SDKROOT; };
		55DF42911359DA3900C45B47 /* CoreGraphics.framework */ = {isa = PBXFileReference; lastKnownFileType = wrapper.framework; name = CoreGraphics.framework; path = System/Library/Frameworks/CoreGraphics.framework; sourceTree = SDKROOT; };
		55DF42951359DA3900C45B47 /* ReefAngel Mobile Client-Info.plist */ = {isa = PBXFileReference; lastKnownFileType = text.plist.xml; path = "ReefAngel Mobile Client-Info.plist"; sourceTree = "<group>"; };
		55DF42971359DA3900C45B47 /* en */ = {isa = PBXFileReference; lastKnownFileType = text.plist.strings; name = en; path = en.lproj/InfoPlist.strings; sourceTree = "<group>"; };
		55DF42991359DA3900C45B47 /* ReefAngel Mobile Client-Prefix.pch */ = {isa = PBXFileReference; lastKnownFileType = sourcecode.c.h; path = "ReefAngel Mobile Client-Prefix.pch"; sourceTree = "<group>"; };
		55DF429A1359DA3900C45B47 /* main.m */ = {isa = PBXFileReference; lastKnownFileType = sourcecode.c.objc; path = main.m; sourceTree = "<group>"; };
		55DF429C1359DA3900C45B47 /* ReefAngel_Mobile_ClientAppDelegate.h */ = {isa = PBXFileReference; lastKnownFileType = sourcecode.c.h; path = ReefAngel_Mobile_ClientAppDelegate.h; sourceTree = "<group>"; };
		55DF429D1359DA3900C45B47 /* ReefAngel_Mobile_ClientAppDelegate.m */ = {isa = PBXFileReference; lastKnownFileType = sourcecode.c.objc; path = ReefAngel_Mobile_ClientAppDelegate.m; sourceTree = "<group>"; };
		55DF42A01359DA3900C45B47 /* en */ = {isa = PBXFileReference; lastKnownFileType = file.xib; name = en; path = en.lproj/MainWindow.xib; sourceTree = "<group>"; };
		55DF42A21359DA3900C45B47 /* FirstViewController.h */ = {isa = PBXFileReference; lastKnownFileType = sourcecode.c.h; path = FirstViewController.h; sourceTree = "<group>"; };
		55DF42A31359DA3900C45B47 /* FirstViewController.m */ = {isa = PBXFileReference; lastKnownFileType = sourcecode.c.objc; path = FirstViewController.m; sourceTree = "<group>"; };
		55DF42A91359DA3900C45B47 /* en */ = {isa = PBXFileReference; lastKnownFileType = file.xib; name = en; path = en.lproj/FirstView.xib; sourceTree = "<group>"; };
		55DF42AC1359DA3900C45B47 /* en */ = {isa = PBXFileReference; lastKnownFileType = file.xib; name = en; path = en.lproj/SecondView.xib; sourceTree = "<group>"; };
		740A718D149AE77E00846342 /* History.h */ = {isa = PBXFileReference; fileEncoding = 4; lastKnownFileType = sourcecode.c.h; path = History.h; sourceTree = "<group>"; };
		740A718E149AE77E00846342 /* History.m */ = {isa = PBXFileReference; fileEncoding = 4; lastKnownFileType = sourcecode.c.objc; path = History.m; sourceTree = "<group>"; };
		740A718F149AE77E00846342 /* History.xib */ = {isa = PBXFileReference; fileEncoding = 4; lastKnownFileType = file.xib; name = History.xib; path = "ReefAngel Mobile Client/History.xib"; sourceTree = "<group>"; };
		740A71C6149AF29A00846342 /* S7GraphView.h */ = {isa = PBXFileReference; fileEncoding = 4; lastKnownFileType = sourcecode.c.h; path = S7GraphView.h; sourceTree = "<group>"; };
		740A71C7149AF29A00846342 /* S7GraphView.m */ = {isa = PBXFileReference; fileEncoding = 4; lastKnownFileType = sourcecode.c.objc; path = S7GraphView.m; sourceTree = "<group>"; };
		740A71C8149AF29A00846342 /* S7Macros.h */ = {isa = PBXFileReference; fileEncoding = 4; lastKnownFileType = sourcecode.c.h; path = S7Macros.h; sourceTree = "<group>"; };
		740A71CB149AF48C00846342 /* GraphView.h */ = {isa = PBXFileReference; fileEncoding = 4; lastKnownFileType = sourcecode.c.h; path = GraphView.h; sourceTree = "<group>"; };
		740A71CC149AF48C00846342 /* GraphView.m */ = {isa = PBXFileReference; fileEncoding = 4; lastKnownFileType = sourcecode.c.objc; path = GraphView.m; sourceTree = "<group>"; };
		740EBAE214510C2600D02ADF /* Controls.h */ = {isa = PBXFileReference; fileEncoding = 4; lastKnownFileType = sourcecode.c.h; path = Controls.h; sourceTree = "<group>"; };
		740EBAE314510C2600D02ADF /* Controls.m */ = {isa = PBXFileReference; fileEncoding = 4; lastKnownFileType = sourcecode.c.objc; path = Controls.m; sourceTree = "<group>"; };
		740EBAE714510CC800D02ADF /* Controls.xib */ = {isa = PBXFileReference; fileEncoding = 4; lastKnownFileType = file.xib; name = Controls.xib; path = "ReefAngel Mobile Client/Controls.xib"; sourceTree = "<group>"; };
		740EBAFA14525ADA00D02ADF /* Memdata.plist */ = {isa = PBXFileReference; fileEncoding = 4; lastKnownFileType = text.plist.xml; path = Memdata.plist; sourceTree = "<group>"; };
		742118F31453705F007AB4BC /* dashboard.png */ = {isa = PBXFileReference; lastKnownFileType = image.png; path = dashboard.png; sourceTree = "<group>"; };
		74525CDC1533C5FD0038FC3E /* History.xib */ = {isa = PBXFileReference; fileEncoding = 4; lastKnownFileType = file.xib; name = History.xib; path = "Resources-iPad/ReefAngel Mobile Client/History.xib"; sourceTree = "<group>"; };
		7460CC251460DE2E009CB7E2 /* Default-Landscape~ipad.png */ = {isa = PBXFileReference; lastKnownFileType = image.png; path = "Default-Landscape~ipad.png"; sourceTree = "<group>"; };
		746D0FDF145F78AF0000FAAB /* MyiPadTabBarController.h */ = {isa = PBXFileReference; fileEncoding = 4; lastKnownFileType = sourcecode.c.h; path = MyiPadTabBarController.h; sourceTree = "<group>"; };
		746D0FE0145F78AF0000FAAB /* MyiPadTabBarController.m */ = {isa = PBXFileReference; fileEncoding = 4; lastKnownFileType = sourcecode.c.objc; path = MyiPadTabBarController.m; sourceTree = "<group>"; };
		746D0FE2145F7D1A0000FAAB /* Default-Portrait~ipad.png */ = {isa = PBXFileReference; lastKnownFileType = image.png; path = "Default-Portrait~ipad.png"; sourceTree = "<group>"; };
		7492420F14A17C26008B9936 /* MultiTouchS7GraphView.h */ = {isa = PBXFileReference; fileEncoding = 4; lastKnownFileType = sourcecode.c.h; path = MultiTouchS7GraphView.h; sourceTree = "<group>"; };
		7492421014A17C26008B9936 /* MultiTouchS7GraphView.m */ = {isa = PBXFileReference; fileEncoding = 4; lastKnownFileType = sourcecode.c.objc; path = MultiTouchS7GraphView.m; sourceTree = "<group>"; };
		7497B71B143B8FBA002752D4 /* libz.dylib */ = {isa = PBXFileReference; lastKnownFileType = "compiled.mach-o.dylib"; name = libz.dylib; path = usr/lib/libz.dylib; sourceTree = SDKROOT; };
		74E4805F144FB1550097CA99 /* User.h */ = {isa = PBXFileReference; fileEncoding = 4; lastKnownFileType = sourcecode.c.h; path = User.h; sourceTree = "<group>"; };
		74E48060144FB1550097CA99 /* User.m */ = {isa = PBXFileReference; fileEncoding = 4; lastKnownFileType = sourcecode.c.objc; path = User.m; sourceTree = "<group>"; };
		74EAC8E1145F350C006C9A00 /* ReefAngel-HD.app */ = {isa = PBXFileReference; explicitFileType = wrapper.application; includeInIndex = 0; path = "ReefAngel-HD.app"; sourceTree = BUILT_PRODUCTS_DIR; };
		74EAC8E5145F350D006C9A00 /* ReefAngel copy-Info.plist */ = {isa = PBXFileReference; lastKnownFileType = text.plist.xml; name = "ReefAngel copy-Info.plist"; path = "/Users/Wolfador/Documents/RAiOSapp/ReefAngel copy-Info.plist"; sourceTree = "<absolute>"; };
		74EAC8E7145F3511006C9A00 /* en */ = {isa = PBXFileReference; lastKnownFileType = file.xib; name = en; path = "Resources-iPad/ReefAngel Mobile Client/en.lproj/MainWindow.xib"; sourceTree = "<group>"; };
		74EAC8E9145F3511006C9A00 /* en */ = {isa = PBXFileReference; lastKnownFileType = file.xib; name = en; path = "Resources-iPad/ReefAngel Mobile Client/en.lproj/FirstView.xib"; sourceTree = "<group>"; };
		74EAC8EB145F3511006C9A00 /* en */ = {isa = PBXFileReference; lastKnownFileType = file.xib; name = en; path = "Resources-iPad/ReefAngel Mobile Client/en.lproj/SecondView.xib"; sourceTree = "<group>"; };
		74EAC8EC145F3511006C9A00 /* MemoryViewController.xib */ = {isa = PBXFileReference; lastKnownFileType = file.xib; name = MemoryViewController.xib; path = "Resources-iPad/ReefAngel Mobile Client/MemoryViewController.xib"; sourceTree = "<group>"; };
		74EAC8ED145F3511006C9A00 /* Controls.xib */ = {isa = PBXFileReference; lastKnownFileType = file.xib; name = Controls.xib; path = "Resources-iPad/ReefAngel Mobile Client/Controls.xib"; sourceTree = "<group>"; };
		80020DD6142FB4C60030DEF7 /* TPKeyboardAvoidingScrollView.h */ = {isa = PBXFileReference; fileEncoding = 4; lastKnownFileType = sourcecode.c.h; path = TPKeyboardAvoidingScrollView.h; sourceTree = "<group>"; };
		80020DD7142FB4C60030DEF7 /* TPKeyboardAvoidingScrollView.m */ = {isa = PBXFileReference; fileEncoding = 4; lastKnownFileType = sourcecode.c.objc; path = TPKeyboardAvoidingScrollView.m; sourceTree = "<group>"; };
		8049D190142584BF0051D834 /* GDataXMLNode.h */ = {isa = PBXFileReference; fileEncoding = 4; lastKnownFileType = sourcecode.c.h; path = GDataXMLNode.h; sourceTree = "<group>"; };
		8049D191142584BF0051D834 /* GDataXMLNode.m */ = {isa = PBXFileReference; fileEncoding = 4; lastKnownFileType = sourcecode.c.objc; path = GDataXMLNode.m; sourceTree = "<group>"; };
		8049D192142584BF0051D834 /* TypeMapping.h */ = {isa = PBXFileReference; fileEncoding = 4; lastKnownFileType = sourcecode.c.h; path = TypeMapping.h; sourceTree = "<group>"; };
		8049D193142584BF0051D834 /* TypeMapping.m */ = {isa = PBXFileReference; fileEncoding = 4; lastKnownFileType = sourcecode.c.objc; path = TypeMapping.m; sourceTree = "<group>"; };
		8049D196142584BF0051D834 /* WonderXML_Prefix.pch */ = {isa = PBXFileReference; fileEncoding = 4; lastKnownFileType = sourcecode.c.h; path = WonderXML_Prefix.pch; sourceTree = "<group>"; };
		8049D197142584BF0051D834 /* WonderXML-Info.plist */ = {isa = PBXFileReference; fileEncoding = 4; lastKnownFileType = text.plist.xml; path = "WonderXML-Info.plist"; sourceTree = "<group>"; };
		8049D198142584BF0051D834 /* XmlHeaderHelper.h */ = {isa = PBXFileReference; fileEncoding = 4; lastKnownFileType = sourcecode.c.h; path = XmlHeaderHelper.h; sourceTree = "<group>"; };
		8049D199142584BF0051D834 /* XmlHeaderHelper.m */ = {isa = PBXFileReference; fileEncoding = 4; lastKnownFileType = sourcecode.c.objc; path = XmlHeaderHelper.m; sourceTree = "<group>"; };
		8049D19A142584BF0051D834 /* XmlParser.h */ = {isa = PBXFileReference; fileEncoding = 4; lastKnownFileType = sourcecode.c.h; path = XmlParser.h; sourceTree = "<group>"; };
		8049D19B142584BF0051D834 /* XmlParser.m */ = {isa = PBXFileReference; fileEncoding = 4; lastKnownFileType = sourcecode.c.objc; path = XmlParser.m; sourceTree = "<group>"; };
		8049D1A5142584DC0051D834 /* WonderXMLAppDelegate.h */ = {isa = PBXFileReference; fileEncoding = 4; lastKnownFileType = sourcecode.c.h; path = WonderXMLAppDelegate.h; sourceTree = "<group>"; };
		8049D1A6142584DC0051D834 /* WonderXMLAppDelegate.m */ = {isa = PBXFileReference; fileEncoding = 4; lastKnownFileType = sourcecode.c.objc; path = WonderXMLAppDelegate.m; sourceTree = "<group>"; };
		8049D1A7142584DC0051D834 /* WonderXMLViewController.h */ = {isa = PBXFileReference; fileEncoding = 4; lastKnownFileType = sourcecode.c.h; path = WonderXMLViewController.h; sourceTree = "<group>"; };
		8049D1A8142584DC0051D834 /* WonderXMLViewController.m */ = {isa = PBXFileReference; fileEncoding = 4; lastKnownFileType = sourcecode.c.objc; path = WonderXMLViewController.m; sourceTree = "<group>"; };
		8049D1B614269F500051D834 /* savedata.plist */ = {isa = PBXFileReference; fileEncoding = 4; lastKnownFileType = text.plist.xml; path = savedata.plist; sourceTree = "<group>"; };
		8060DE83142D756600248B60 /* icon-72.png */ = {isa = PBXFileReference; lastKnownFileType = image.png; path = "icon-72.png"; sourceTree = "<group>"; };
		8060DE84142D756600248B60 /* icon-small-50.png */ = {isa = PBXFileReference; lastKnownFileType = image.png; path = "icon-small-50.png"; sourceTree = "<group>"; };
		8060DE85142D756600248B60 /* icon-small.png */ = {isa = PBXFileReference; lastKnownFileType = image.png; path = "icon-small.png"; sourceTree = "<group>"; };
		8060DE86142D756600248B60 /* icon-small@2x.png */ = {isa = PBXFileReference; lastKnownFileType = image.png; path = "icon-small@2x.png"; sourceTree = "<group>"; };
		8060DE87142D756600248B60 /* icon.png */ = {isa = PBXFileReference; lastKnownFileType = image.png; path = icon.png; sourceTree = "<group>"; };
		8060DE88142D756600248B60 /* icon@2x.png */ = {isa = PBXFileReference; lastKnownFileType = image.png; path = "icon@2x.png"; sourceTree = "<group>"; };
		80A77CD01437B81B00861996 /* MemoryViewController.h */ = {isa = PBXFileReference; fileEncoding = 4; lastKnownFileType = sourcecode.c.h; path = MemoryViewController.h; sourceTree = "<group>"; };
		80A77CD11437B81B00861996 /* MemoryViewController.m */ = {isa = PBXFileReference; fileEncoding = 4; lastKnownFileType = sourcecode.c.objc; path = MemoryViewController.m; sourceTree = "<group>"; };
		80A77CD21437B81B00861996 /* MemoryViewController.xib */ = {isa = PBXFileReference; fileEncoding = 4; lastKnownFileType = file.xib; name = MemoryViewController.xib; path = "ReefAngel Mobile Client/MemoryViewController.xib"; sourceTree = "<group>"; };
		80B5F9CC1437BC910084685C /* MemValues.h */ = {isa = PBXFileReference; fileEncoding = 4; lastKnownFileType = sourcecode.c.h; path = MemValues.h; sourceTree = "<group>"; };
		80B5F9CD1437BC910084685C /* MemValues.m */ = {isa = PBXFileReference; fileEncoding = 4; lastKnownFileType = sourcecode.c.objc; path = MemValues.m; sourceTree = "<group>"; };
		80DF04AD14282C3400A45FFA /* Default@2x.png */ = {isa = PBXFileReference; lastKnownFileType = image.png; name = "Default@2x.png"; path = "../Default@2x.png"; sourceTree = "<group>"; };
		80DF04AF14282C5C00A45FFA /* Default.png */ = {isa = PBXFileReference; lastKnownFileType = image.png; name = Default.png; path = ../Default.png; sourceTree = "<group>"; };
/* End PBXFileReference section */

/* Begin PBXFrameworksBuildPhase section */
		55DF42861359DA3900C45B47 /* Frameworks */ = {
			isa = PBXFrameworksBuildPhase;
			buildActionMask = 2147483647;
			files = (
				7497B71C143B8FBA002752D4 /* libz.dylib in Frameworks */,
				55C73962135A4BD9007AE60B /* MobileCoreServices.framework in Frameworks */,
				55C73960135A4BCE007AE60B /* SystemConfiguration.framework in Frameworks */,
				55C7395E135A4BB9007AE60B /* CFNetwork.framework in Frameworks */,
				55DF428E1359DA3900C45B47 /* UIKit.framework in Frameworks */,
				55DF42901359DA3900C45B47 /* Foundation.framework in Frameworks */,
				55DF42921359DA3900C45B47 /* CoreGraphics.framework in Frameworks */,
			);
			runOnlyForDeploymentPostprocessing = 0;
		};
		74EAC8BE145F350C006C9A00 /* Frameworks */ = {
			isa = PBXFrameworksBuildPhase;
			buildActionMask = 2147483647;
			files = (
				74EAC8BF145F350C006C9A00 /* libz.dylib in Frameworks */,
				74EAC8C0145F350C006C9A00 /* MobileCoreServices.framework in Frameworks */,
				74EAC8C1145F350C006C9A00 /* SystemConfiguration.framework in Frameworks */,
				74EAC8C2145F350C006C9A00 /* CFNetwork.framework in Frameworks */,
				74EAC8C3145F350C006C9A00 /* UIKit.framework in Frameworks */,
				74EAC8C4145F350C006C9A00 /* Foundation.framework in Frameworks */,
				74EAC8C5145F350C006C9A00 /* CoreGraphics.framework in Frameworks */,
			);
			runOnlyForDeploymentPostprocessing = 0;
		};
/* End PBXFrameworksBuildPhase section */

/* Begin PBXGroup section */
		55C73904135A3257007AE60B /* images */ = {
			isa = PBXGroup;
			children = (
				7460CC251460DE2E009CB7E2 /* Default-Landscape~ipad.png */,
				742118F31453705F007AB4BC /* dashboard.png */,
				8060DE83142D756600248B60 /* icon-72.png */,
				8060DE84142D756600248B60 /* icon-small-50.png */,
				8060DE85142D756600248B60 /* icon-small.png */,
				8060DE86142D756600248B60 /* icon-small@2x.png */,
				8060DE87142D756600248B60 /* icon.png */,
				8060DE88142D756600248B60 /* icon@2x.png */,
				80DF04AD14282C3400A45FFA /* Default@2x.png */,
				80DF04AF14282C5C00A45FFA /* Default.png */,
				559DB7FB14257084004EC75A /* bluebutton1.png */,
				559DB7FC14257084004EC75A /* labelBG.png */,
				559DB7FD14257084004EC75A /* refresh.png */,
				559DB7FE14257084004EC75A /* settings.png */,
				559DB7FF14257084004EC75A /* tankicon.png */,
			);
			name = images;
			sourceTree = "<group>";
		};
		55C73908135A4004007AE60B /* model */ = {
			isa = PBXGroup;
			children = (
				55C7390C135A40CD007AE60B /* RA_ParamObject.h */,
				55C7390D135A40CD007AE60B /* RA_ParamObject.m */,
				80B5F9CC1437BC910084685C /* MemValues.h */,
				80B5F9CD1437BC910084685C /* MemValues.m */,
			);
			name = model;
			sourceTree = "<group>";
		};
		55C73917135A4865007AE60B /* 3rdParty */ = {
			isa = PBXGroup;
			children = (
				7492420F14A17C26008B9936 /* MultiTouchS7GraphView.h */,
				7492421014A17C26008B9936 /* MultiTouchS7GraphView.m */,
				740A71C6149AF29A00846342 /* S7GraphView.h */,
				740A71C7149AF29A00846342 /* S7GraphView.m */,
				740A71C8149AF29A00846342 /* S7Macros.h */,
				80020DD6142FB4C60030DEF7 /* TPKeyboardAvoidingScrollView.h */,
				80020DD7142FB4C60030DEF7 /* TPKeyboardAvoidingScrollView.m */,
				8049D1A5142584DC0051D834 /* WonderXMLAppDelegate.h */,
				8049D1A6142584DC0051D834 /* WonderXMLAppDelegate.m */,
				8049D1A7142584DC0051D834 /* WonderXMLViewController.h */,
				8049D1A8142584DC0051D834 /* WonderXMLViewController.m */,
				8049D190142584BF0051D834 /* GDataXMLNode.h */,
				8049D191142584BF0051D834 /* GDataXMLNode.m */,
				8049D192142584BF0051D834 /* TypeMapping.h */,
				8049D193142584BF0051D834 /* TypeMapping.m */,
				8049D196142584BF0051D834 /* WonderXML_Prefix.pch */,
				8049D197142584BF0051D834 /* WonderXML-Info.plist */,
				74E4805F144FB1550097CA99 /* User.h */,
				74E48060144FB1550097CA99 /* User.m */,
				8049D198142584BF0051D834 /* XmlHeaderHelper.h */,
				8049D199142584BF0051D834 /* XmlHeaderHelper.m */,
				8049D19A142584BF0051D834 /* XmlParser.h */,
				8049D19B142584BF0051D834 /* XmlParser.m */,
				55C73934135A4941007AE60B /* Reachability.h */,
				55C73935135A4941007AE60B /* Reachability.m */,
			);
			name = 3rdParty;
			sourceTree = "<group>";
		};
		55DF427E1359DA3900C45B47 = {
			isa = PBXGroup;
			children = (
				55DF42931359DA3900C45B47 /* ReefAngel Mobile Client */,
				55DF428C1359DA3900C45B47 /* Frameworks */,
				55DF428A1359DA3900C45B47 /* Products */,
			);
			sourceTree = "<group>";
		};
		55DF428A1359DA3900C45B47 /* Products */ = {
			isa = PBXGroup;
			children = (
				55DF42891359DA3900C45B47 /* ReefAngel.app */,
				74EAC8E1145F350C006C9A00 /* ReefAngel-HD.app */,
			);
			name = Products;
			sourceTree = "<group>";
		};
		55DF428C1359DA3900C45B47 /* Frameworks */ = {
			isa = PBXGroup;
			children = (
				7497B71B143B8FBA002752D4 /* libz.dylib */,
				55C73961135A4BD9007AE60B /* MobileCoreServices.framework */,
				55C7395F135A4BCE007AE60B /* SystemConfiguration.framework */,
				55C7395D135A4BB9007AE60B /* CFNetwork.framework */,
				55DF428D1359DA3900C45B47 /* UIKit.framework */,
				55DF428F1359DA3900C45B47 /* Foundation.framework */,
				55DF42911359DA3900C45B47 /* CoreGraphics.framework */,
			);
			name = Frameworks;
			sourceTree = "<group>";
		};
		55DF42931359DA3900C45B47 /* ReefAngel Mobile Client */ = {
			isa = PBXGroup;
			children = (
				55C73917135A4865007AE60B /* 3rdParty */,
				74EAC8E3145F350C006C9A00 /* Resources-iPad */,
				740EBAE91451171000D02ADF /* XIB */,
				55C73908135A4004007AE60B /* model */,
				55C73904135A3257007AE60B /* images */,
				55DF42941359DA3900C45B47 /* Supporting Files */,
				55DF42A21359DA3900C45B47 /* FirstViewController.h */,
				55DF42A31359DA3900C45B47 /* FirstViewController.m */,
				740A71CB149AF48C00846342 /* GraphView.h */,
				740A71CC149AF48C00846342 /* GraphView.m */,
				740A718D149AE77E00846342 /* History.h */,
				740A718E149AE77E00846342 /* History.m */,
				55C7397F135BDA9A007AE60B /* SecondViewController.h */,
				55C73980135BDA9A007AE60B /* SecondViewController.m */,
				80A77CD01437B81B00861996 /* MemoryViewController.h */,
				80A77CD11437B81B00861996 /* MemoryViewController.m */,
				740EBAE214510C2600D02ADF /* Controls.h */,
				740EBAE314510C2600D02ADF /* Controls.m */,
			);
			path = "ReefAngel Mobile Client";
			sourceTree = "<group>";
		};
		55DF42941359DA3900C45B47 /* Supporting Files */ = {
			isa = PBXGroup;
			children = (
				740EBAFA14525ADA00D02ADF /* Memdata.plist */,
				55DF429D1359DA3900C45B47 /* ReefAngel_Mobile_ClientAppDelegate.m */,
				55DF429C1359DA3900C45B47 /* ReefAngel_Mobile_ClientAppDelegate.h */,
				8049D1B614269F500051D834 /* savedata.plist */,
				55DF42951359DA3900C45B47 /* ReefAngel Mobile Client-Info.plist */,
				74EAC8E5145F350D006C9A00 /* ReefAngel copy-Info.plist */,
				55DF42961359DA3900C45B47 /* InfoPlist.strings */,
				55DF42991359DA3900C45B47 /* ReefAngel Mobile Client-Prefix.pch */,
				55DF429A1359DA3900C45B47 /* main.m */,
			);
			name = "Supporting Files";
			sourceTree = "<group>";
		};
		740EBAE91451171000D02ADF /* XIB */ = {
			isa = PBXGroup;
			children = (
				740EBAE714510CC800D02ADF /* Controls.xib */,
				80A77CD21437B81B00861996 /* MemoryViewController.xib */,
				55DF429F1359DA3900C45B47 /* MainWindow.xib */,
				55DF42A81359DA3900C45B47 /* FirstView.xib */,
				55DF42AB1359DA3900C45B47 /* SecondView.xib */,
				740A718F149AE77E00846342 /* History.xib */,
			);
			name = XIB;
			path = ..;
			sourceTree = "<group>";
		};
		74EAC8E3145F350C006C9A00 /* Resources-iPad */ = {
			isa = PBXGroup;
			children = (
				746D0FDF145F78AF0000FAAB /* MyiPadTabBarController.h */,
				746D0FE2145F7D1A0000FAAB /* Default-Portrait~ipad.png */,
				746D0FE0145F78AF0000FAAB /* MyiPadTabBarController.m */,
				74EAC8E6145F3511006C9A00 /* MainWindow.xib */,
				74525CDC1533C5FD0038FC3E /* History.xib */,
				74EAC8E8145F3511006C9A00 /* FirstView.xib */,
				74EAC8EA145F3511006C9A00 /* SecondView.xib */,
				74EAC8EC145F3511006C9A00 /* MemoryViewController.xib */,
				74EAC8ED145F3511006C9A00 /* Controls.xib */,
			);
			name = "Resources-iPad";
			path = ..;
			sourceTree = "<group>";
		};
/* End PBXGroup section */

/* Begin PBXNativeTarget section */
		55DF42881359DA3900C45B47 /* ReefAngel */ = {
			isa = PBXNativeTarget;
			buildConfigurationList = 55DF42C61359DA3900C45B47 /* Build configuration list for PBXNativeTarget "ReefAngel" */;
			buildPhases = (
				55DF42851359DA3900C45B47 /* Sources */,
				55DF42861359DA3900C45B47 /* Frameworks */,
				55DF42871359DA3900C45B47 /* Resources */,
			);
			buildRules = (
			);
			dependencies = (
			);
			name = ReefAngel;
			productName = "ReefAngel Mobile Client";
			productReference = 55DF42891359DA3900C45B47 /* ReefAngel.app */;
			productType = "com.apple.product-type.application";
		};
		74EAC8AB145F350C006C9A00 /* ReefAngel HD */ = {
			isa = PBXNativeTarget;
			buildConfigurationList = 74EAC8DE145F350C006C9A00 /* Build configuration list for PBXNativeTarget "ReefAngel HD" */;
			buildPhases = (
				74EAC8AC145F350C006C9A00 /* Sources */,
				74EAC8BE145F350C006C9A00 /* Frameworks */,
				74EAC8C6145F350C006C9A00 /* Resources */,
			);
			buildRules = (
			);
			dependencies = (
			);
			name = "ReefAngel HD";
			productName = "ReefAngel Mobile Client";
			productReference = 74EAC8E1145F350C006C9A00 /* ReefAngel-HD.app */;
			productType = "com.apple.product-type.application";
		};
/* End PBXNativeTarget section */

/* Begin PBXProject section */
		55DF42801359DA3900C45B47 /* Project object */ = {
			isa = PBXProject;
			attributes = {
				LastUpgradeCheck = 0430;
			};
			buildConfigurationList = 55DF42831359DA3900C45B47 /* Build configuration list for PBXProject "ReefAngel Mobile Client" */;
			compatibilityVersion = "Xcode 3.2";
			developmentRegion = English;
			hasScannedForEncodings = 0;
			knownRegions = (
				en,
			);
			mainGroup = 55DF427E1359DA3900C45B47;
			productRefGroup = 55DF428A1359DA3900C45B47 /* Products */;
			projectDirPath = "";
			projectRoot = "";
			targets = (
				55DF42881359DA3900C45B47 /* ReefAngel */,
				74EAC8AB145F350C006C9A00 /* ReefAngel HD */,
			);
		};
/* End PBXProject section */

/* Begin PBXResourcesBuildPhase section */
		55DF42871359DA3900C45B47 /* Resources */ = {
			isa = PBXResourcesBuildPhase;
			buildActionMask = 2147483647;
			files = (
				55DF42981359DA3900C45B47 /* InfoPlist.strings in Resources */,
				55DF42A11359DA3900C45B47 /* MainWindow.xib in Resources */,
				55DF42AA1359DA3900C45B47 /* FirstView.xib in Resources */,
				55DF42AD1359DA3900C45B47 /* SecondView.xib in Resources */,
				559DB80014257084004EC75A /* bluebutton1.png in Resources */,
				559DB80114257084004EC75A /* labelBG.png in Resources */,
				559DB80214257084004EC75A /* refresh.png in Resources */,
				559DB80314257084004EC75A /* settings.png in Resources */,
				559DB80414257084004EC75A /* tankicon.png in Resources */,
				8049D19F142584BF0051D834 /* WonderXML-Info.plist in Resources */,
				8049D1B714269F500051D834 /* savedata.plist in Resources */,
				80DF04AE14282C3400A45FFA /* Default@2x.png in Resources */,
				80DF04B014282C5C00A45FFA /* Default.png in Resources */,
				8060DE8A142D756600248B60 /* icon-72.png in Resources */,
				8060DE8B142D756600248B60 /* icon-small-50.png in Resources */,
				8060DE8C142D756600248B60 /* icon-small.png in Resources */,
				8060DE8D142D756600248B60 /* icon-small@2x.png in Resources */,
				8060DE8E142D756600248B60 /* icon.png in Resources */,
				8060DE8F142D756600248B60 /* icon@2x.png in Resources */,
				80A77CD41437B81B00861996 /* MemoryViewController.xib in Resources */,
				740EBAE814510CC800D02ADF /* Controls.xib in Resources */,
				740EBAFB14525ADA00D02ADF /* Memdata.plist in Resources */,
				742118F41453705F007AB4BC /* dashboard.png in Resources */,
				740A7192149AE77E00846342 /* History.xib in Resources */,
			);
			runOnlyForDeploymentPostprocessing = 0;
		};
		74EAC8C6145F350C006C9A00 /* Resources */ = {
			isa = PBXResourcesBuildPhase;
			buildActionMask = 2147483647;
			files = (
				74EAC8C7145F350C006C9A00 /* InfoPlist.strings in Resources */,
				74EAC8CB145F350C006C9A00 /* bluebutton1.png in Resources */,
				74EAC8CC145F350C006C9A00 /* labelBG.png in Resources */,
				74EAC8CD145F350C006C9A00 /* refresh.png in Resources */,
				74EAC8CE145F350C006C9A00 /* settings.png in Resources */,
				74EAC8CF145F350C006C9A00 /* tankicon.png in Resources */,
				74EAC8D0145F350C006C9A00 /* WonderXML-Info.plist in Resources */,
				74EAC8D1145F350C006C9A00 /* savedata.plist in Resources */,
				74EAC8D2145F350C006C9A00 /* Default@2x.png in Resources */,
				74EAC8D3145F350C006C9A00 /* Default.png in Resources */,
				74EAC8D4145F350C006C9A00 /* icon-72.png in Resources */,
				74EAC8D5145F350C006C9A00 /* icon-small-50.png in Resources */,
				74EAC8D6145F350C006C9A00 /* icon-small.png in Resources */,
				74EAC8D7145F350C006C9A00 /* icon-small@2x.png in Resources */,
				74EAC8D8145F350C006C9A00 /* icon.png in Resources */,
				74EAC8D9145F350C006C9A00 /* icon@2x.png in Resources */,
				74EAC8DC145F350C006C9A00 /* Memdata.plist in Resources */,
				74EAC8DD145F350C006C9A00 /* dashboard.png in Resources */,
				74EAC8EE145F3511006C9A00 /* MainWindow.xib in Resources */,
				74EAC8EF145F3511006C9A00 /* FirstView.xib in Resources */,
				74EAC8F0145F3511006C9A00 /* SecondView.xib in Resources */,
				74EAC8F1145F3511006C9A00 /* MemoryViewController.xib in Resources */,
				74EAC8F2145F3511006C9A00 /* Controls.xib in Resources */,
				746D0FE3145F7D1A0000FAAB /* Default-Portrait~ipad.png in Resources */,
				7460CC261460DE2F009CB7E2 /* Default-Landscape~ipad.png in Resources */,
				740A7193149AE77E00846342 /* History.xib in Resources */,
				74525CDD1533C5FD0038FC3E /* History.xib in Resources */,
			);
			runOnlyForDeploymentPostprocessing = 0;
		};
/* End PBXResourcesBuildPhase section */

/* Begin PBXSourcesBuildPhase section */
		55DF42851359DA3900C45B47 /* Sources */ = {
			isa = PBXSourcesBuildPhase;
			buildActionMask = 2147483647;
			files = (
				55DF429B1359DA3900C45B47 /* main.m in Sources */,
				55DF429E1359DA3900C45B47 /* ReefAngel_Mobile_ClientAppDelegate.m in Sources */,
				55DF42A41359DA3900C45B47 /* FirstViewController.m in Sources */,
				55C7390E135A40CD007AE60B /* RA_ParamObject.m in Sources */,
				55C73936135A4941007AE60B /* Reachability.m in Sources */,
				55C73981135BDA9A007AE60B /* SecondViewController.m in Sources */,
				8049D19C142584BF0051D834 /* GDataXMLNode.m in Sources */,
				8049D19D142584BF0051D834 /* TypeMapping.m in Sources */,
				8049D1A0142584BF0051D834 /* XmlHeaderHelper.m in Sources */,
				8049D1A1142584BF0051D834 /* XmlParser.m in Sources */,
				8049D1AA142584DC0051D834 /* WonderXMLAppDelegate.m in Sources */,
				8049D1AB142584DC0051D834 /* WonderXMLViewController.m in Sources */,
				80020DD8142FB4C60030DEF7 /* TPKeyboardAvoidingScrollView.m in Sources */,
				80A77CD31437B81B00861996 /* MemoryViewController.m in Sources */,
				80B5F9CE1437BC910084685C /* MemValues.m in Sources */,
				74E48061144FB1550097CA99 /* User.m in Sources */,
				740EBAE514510C2700D02ADF /* Controls.m in Sources */,
				740A7190149AE77E00846342 /* History.m in Sources */,
				740A71C9149AF29A00846342 /* S7GraphView.m in Sources */,
				740A71CD149AF48C00846342 /* GraphView.m in Sources */,
				7492421114A17C26008B9936 /* MultiTouchS7GraphView.m in Sources */,
			);
			runOnlyForDeploymentPostprocessing = 0;
		};
		74EAC8AC145F350C006C9A00 /* Sources */ = {
			isa = PBXSourcesBuildPhase;
			buildActionMask = 2147483647;
			files = (
				74EAC8AD145F350C006C9A00 /* main.m in Sources */,
				74EAC8AE145F350C006C9A00 /* ReefAngel_Mobile_ClientAppDelegate.m in Sources */,
				74EAC8AF145F350C006C9A00 /* FirstViewController.m in Sources */,
				74EAC8B0145F350C006C9A00 /* RA_ParamObject.m in Sources */,
				74EAC8B1145F350C006C9A00 /* Reachability.m in Sources */,
				74EAC8B2145F350C006C9A00 /* SecondViewController.m in Sources */,
				74EAC8B3145F350C006C9A00 /* GDataXMLNode.m in Sources */,
				74EAC8B4145F350C006C9A00 /* TypeMapping.m in Sources */,
				74EAC8B5145F350C006C9A00 /* XmlHeaderHelper.m in Sources */,
				74EAC8B6145F350C006C9A00 /* XmlParser.m in Sources */,
				74EAC8B7145F350C006C9A00 /* WonderXMLAppDelegate.m in Sources */,
				74EAC8B8145F350C006C9A00 /* WonderXMLViewController.m in Sources */,
				74EAC8B9145F350C006C9A00 /* TPKeyboardAvoidingScrollView.m in Sources */,
				74EAC8BA145F350C006C9A00 /* MemoryViewController.m in Sources */,
				74EAC8BB145F350C006C9A00 /* MemValues.m in Sources */,
				74EAC8BC145F350C006C9A00 /* User.m in Sources */,
				74EAC8BD145F350C006C9A00 /* Controls.m in Sources */,
				746D0FE1145F78AF0000FAAB /* MyiPadTabBarController.m in Sources */,
				740A7191149AE77E00846342 /* History.m in Sources */,
				740A71CA149AF29A00846342 /* S7GraphView.m in Sources */,
				740A71CE149AF48C00846342 /* GraphView.m in Sources */,
				7492421214A17C26008B9936 /* MultiTouchS7GraphView.m in Sources */,
			);
			runOnlyForDeploymentPostprocessing = 0;
		};
/* End PBXSourcesBuildPhase section */

/* Begin PBXVariantGroup section */
		55DF42961359DA3900C45B47 /* InfoPlist.strings */ = {
			isa = PBXVariantGroup;
			children = (
				55DF42971359DA3900C45B47 /* en */,
			);
			name = InfoPlist.strings;
			sourceTree = "<group>";
		};
		55DF429F1359DA3900C45B47 /* MainWindow.xib */ = {
			isa = PBXVariantGroup;
			children = (
				55DF42A01359DA3900C45B47 /* en */,
			);
			name = MainWindow.xib;
			path = "ReefAngel Mobile Client";
			sourceTree = "<group>";
		};
		55DF42A81359DA3900C45B47 /* FirstView.xib */ = {
			isa = PBXVariantGroup;
			children = (
				55DF42A91359DA3900C45B47 /* en */,
			);
			name = FirstView.xib;
			path = "ReefAngel Mobile Client";
			sourceTree = "<group>";
		};
		55DF42AB1359DA3900C45B47 /* SecondView.xib */ = {
			isa = PBXVariantGroup;
			children = (
				55DF42AC1359DA3900C45B47 /* en */,
			);
			name = SecondView.xib;
			path = "ReefAngel Mobile Client";
			sourceTree = "<group>";
		};
		74EAC8E6145F3511006C9A00 /* MainWindow.xib */ = {
			isa = PBXVariantGroup;
			children = (
				74EAC8E7145F3511006C9A00 /* en */,
			);
			name = MainWindow.xib;
			sourceTree = "<group>";
		};
		74EAC8E8145F3511006C9A00 /* FirstView.xib */ = {
			isa = PBXVariantGroup;
			children = (
				74EAC8E9145F3511006C9A00 /* en */,
			);
			name = FirstView.xib;
			sourceTree = "<group>";
		};
		74EAC8EA145F3511006C9A00 /* SecondView.xib */ = {
			isa = PBXVariantGroup;
			children = (
				74EAC8EB145F3511006C9A00 /* en */,
			);
			name = SecondView.xib;
			sourceTree = "<group>";
		};
/* End PBXVariantGroup section */

/* Begin XCBuildConfiguration section */
		55DF42C41359DA3900C45B47 /* Debug */ = {
			isa = XCBuildConfiguration;
			buildSettings = {
				ARCHS = "$(ARCHS_STANDARD_32_BIT)";
				CODE_SIGN_IDENTITY = "iPhone Developer";
				"CODE_SIGN_IDENTITY[sdk=iphoneos*]" = "iPhone Developer";
				COPY_PHASE_STRIP = NO;
				GCC_C_LANGUAGE_STANDARD = gnu99;
				GCC_OPTIMIZATION_LEVEL = 0;
				GCC_PREPROCESSOR_DEFINITIONS = DEBUG;
				GCC_SYMBOLS_PRIVATE_EXTERN = NO;
				GCC_VERSION = com.apple.compilers.llvmgcc42;
				GCC_WARN_ABOUT_RETURN_TYPE = YES;
				GCC_WARN_UNUSED_VARIABLE = YES;
				HEADER_SEARCH_PATHS = "/usr/include/libxml2/**";
				IPHONEOS_DEPLOYMENT_TARGET = 4.0;
				New_Setting = "";
				OTHER_LDFLAGS = "-lxml2";
				PROVISIONING_PROFILE = "";
				"PROVISIONING_PROFILE[sdk=iphoneos*]" = "";
				SDKROOT = iphoneos;
				STRIP_INSTALLED_PRODUCT = NO;
			};
			name = Debug;
		};
		55DF42C51359DA3900C45B47 /* Release */ = {
			isa = XCBuildConfiguration;
			buildSettings = {
				ARCHS = "$(ARCHS_STANDARD_32_BIT)";
				CODE_SIGN_IDENTITY = "iPhone Distribution: John Wiebalk";
				"CODE_SIGN_IDENTITY[sdk=iphoneos*]" = "iPhone Developer";
				COPY_PHASE_STRIP = NO;
				GCC_C_LANGUAGE_STANDARD = gnu99;
				GCC_VERSION = com.apple.compilers.llvmgcc42;
				GCC_WARN_ABOUT_RETURN_TYPE = YES;
				GCC_WARN_UNUSED_VARIABLE = YES;
				HEADER_SEARCH_PATHS = "/usr/include/libxml2/**";
				IPHONEOS_DEPLOYMENT_TARGET = 4.0;
				New_Setting = "";
				OTHER_CFLAGS = "-DNS_BLOCK_ASSERTIONS=1";
				OTHER_LDFLAGS = "-lxml2";
				PROVISIONING_PROFILE = "B40DB360-F9A6-40B9-A65A-9054980B7B3F";
				"PROVISIONING_PROFILE[sdk=iphoneos*]" = "";
				SDKROOT = iphoneos;
				STRIP_INSTALLED_PRODUCT = NO;
			};
			name = Release;
		};
		55DF42C71359DA3900C45B47 /* Debug */ = {
			isa = XCBuildConfiguration;
			buildSettings = {
				ALWAYS_SEARCH_USER_PATHS = NO;
				CODE_SIGN_IDENTITY = "iPhone Developer";
				"CODE_SIGN_IDENTITY[sdk=iphoneos*]" = "iPhone Developer";
				COPY_PHASE_STRIP = NO;
				GCC_DYNAMIC_NO_PIC = NO;
				GCC_PRECOMPILE_PREFIX_HEADER = YES;
				GCC_PREFIX_HEADER = "ReefAngel Mobile Client/ReefAngel Mobile Client-Prefix.pch";
				GCC_VERSION = com.apple.compilers.llvm.clang.1_0;
				INFOPLIST_FILE = "ReefAngel Mobile Client/ReefAngel Mobile Client-Info.plist";
				IPHONEOS_DEPLOYMENT_TARGET = 4.2;
				LIBRARY_SEARCH_PATHS = "$(inherited)";
				PRODUCT_NAME = "$(TARGET_NAME)";
				PROVISIONING_PROFILE = "";
				"PROVISIONING_PROFILE[sdk=iphoneos*]" = "";
				SDKROOT = iphoneos;
				TARGETED_DEVICE_FAMILY = 1;
				WRAPPER_EXTENSION = app;
			};
			name = Debug;
		};
		55DF42C81359DA3900C45B47 /* Release */ = {
			isa = XCBuildConfiguration;
			buildSettings = {
				ALWAYS_SEARCH_USER_PATHS = NO;
				CODE_SIGN_IDENTITY = "iPhone Distribution";
				"CODE_SIGN_IDENTITY[sdk=iphoneos*]" = "iPhone Distribution";
				COPY_PHASE_STRIP = YES;
				GCC_PRECOMPILE_PREFIX_HEADER = YES;
				GCC_PREFIX_HEADER = "ReefAngel Mobile Client/ReefAngel Mobile Client-Prefix.pch";
				GCC_VERSION = com.apple.compilers.llvm.clang.1_0;
				INFOPLIST_FILE = "ReefAngel Mobile Client/ReefAngel Mobile Client-Info.plist";
				IPHONEOS_DEPLOYMENT_TARGET = 4.2;
				LIBRARY_SEARCH_PATHS = "$(inherited)";
				PRODUCT_NAME = "$(TARGET_NAME)";
				PROVISIONING_PROFILE = "";
				"PROVISIONING_PROFILE[sdk=iphoneos*]" = "";
				SDKROOT = iphoneos;
				TARGETED_DEVICE_FAMILY = 1;
				VALIDATE_PRODUCT = YES;
				WRAPPER_EXTENSION = app;
			};
			name = Release;
		};
		74EAC8DF145F350C006C9A00 /* Debug */ = {
			isa = XCBuildConfiguration;
			buildSettings = {
				ALWAYS_SEARCH_USER_PATHS = NO;
				CODE_SIGN_IDENTITY = "iPhone Developer: John Wiebalk (92HEE83TZH)";
				"CODE_SIGN_IDENTITY[sdk=iphoneos*]" = "iPhone Developer";
				COPY_PHASE_STRIP = NO;
				GCC_DYNAMIC_NO_PIC = NO;
				GCC_PRECOMPILE_PREFIX_HEADER = YES;
				GCC_PREFIX_HEADER = "ReefAngel Mobile Client/ReefAngel Mobile Client-Prefix.pch";
				GCC_VERSION = com.apple.compilers.llvm.clang.1_0;
				INFOPLIST_FILE = "ReefAngel copy-Info.plist";
				IPHONEOS_DEPLOYMENT_TARGET = 4.3;
				LIBRARY_SEARCH_PATHS = "$(inherited)";
				PRODUCT_NAME = "ReefAngel-HD";
				PROVISIONING_PROFILE = "3A963270-5B9A-453C-88A2-CB96C04ADD6E";
				"PROVISIONING_PROFILE[sdk=iphoneos*]" = "";
				SDKROOT = iphoneos;
				TARGETED_DEVICE_FAMILY = 2;
				WRAPPER_EXTENSION = app;
			};
			name = Debug;
		};
		74EAC8E0145F350C006C9A00 /* Release */ = {
			isa = XCBuildConfiguration;
			buildSettings = {
				ALWAYS_SEARCH_USER_PATHS = NO;
				CODE_SIGN_IDENTITY = "iPhone Distribution: John Wiebalk";
				"CODE_SIGN_IDENTITY[sdk=iphoneos*]" = "iPhone Distribution: John Wiebalk";
				COPY_PHASE_STRIP = YES;
				GCC_PRECOMPILE_PREFIX_HEADER = YES;
				GCC_PREFIX_HEADER = "ReefAngel Mobile Client/ReefAngel Mobile Client-Prefix.pch";
				GCC_VERSION = com.apple.compilers.llvm.clang.1_0;
				INFOPLIST_FILE = "ReefAngel copy-Info.plist";
				IPHONEOS_DEPLOYMENT_TARGET = 4.3;
				LIBRARY_SEARCH_PATHS = "$(inherited)";
				PRODUCT_NAME = "ReefAngel-HD";
				PROVISIONING_PROFILE = "0A57F18D-4AEF-41B2-A107-14E4E7D8F780";
				"PROVISIONING_PROFILE[sdk=iphoneos*]" = "0A57F18D-4AEF-41B2-A107-14E4E7D8F780";
				SDKROOT = iphoneos;
				TARGETED_DEVICE_FAMILY = 2;
				VALIDATE_PRODUCT = YES;
				WRAPPER_EXTENSION = app;
			};
			name = Release;
		};
/* End XCBuildConfiguration section */

/* Begin XCConfigurationList section */
		55DF42831359DA3900C45B47 /* Build configuration list for PBXProject "ReefAngel Mobile Client" */ = {
			isa = XCConfigurationList;
			buildConfigurations = (
				55DF42C41359DA3900C45B47 /* Debug */,
				55DF42C51359DA3900C45B47 /* Release */,
			);
			defaultConfigurationIsVisible = 0;
			defaultConfigurationName = Release;
		};
		55DF42C61359DA3900C45B47 /* Build configuration list for PBXNativeTarget "ReefAngel" */ = {
			isa = XCConfigurationList;
			buildConfigurations = (
				55DF42C71359DA3900C45B47 /* Debug */,
				55DF42C81359DA3900C45B47 /* Release */,
			);
			defaultConfigurationIsVisible = 0;
			defaultConfigurationName = Release;
		};
		74EAC8DE145F350C006C9A00 /* Build configuration list for PBXNativeTarget "ReefAngel HD" */ = {
			isa = XCConfigurationList;
			buildConfigurations = (
				74EAC8DF145F350C006C9A00 /* Debug */,
				74EAC8E0145F350C006C9A00 /* Release */,
			);
			defaultConfigurationIsVisible = 0;
			defaultConfigurationName = Release;
		};
/* End XCConfigurationList section */
	};
	rootObject = 55DF42801359DA3900C45B47 /* Project object */;
}
